{
  "version": 4,
  "terraform_version": "1.9.4",
  "serial": 33,
  "lineage": "dd3c44ca-c4b8-bc4b-d93e-a28e0d266096",
  "outputs": {
    "ec2_complete_arn": {
      "value": "arn:aws:ec2:us-east-1:302263043236:instance/i-064a8f194eccf7126",
      "type": "string"
    },
    "ec2_complete_availability_zone": {
      "value": "us-east-1a",
      "type": "string"
    },
    "ec2_complete_capacity_reservation_specification": {
      "value": [
        {
          "capacity_reservation_preference": "open",
          "capacity_reservation_target": []
        }
      ],
      "type": [
        "list",
        [
          "object",
          {
            "capacity_reservation_preference": "string",
            "capacity_reservation_target": [
              "list",
              [
                "object",
                {
                  "capacity_reservation_id": "string",
                  "capacity_reservation_resource_group_arn": "string"
                }
              ]
            ]
          }
        ]
      ]
    },
    "ec2_complete_ebs_block_device": {
      "value": [],
      "type": [
        "set",
        [
          "object",
          {
            "delete_on_termination": "bool",
            "device_name": "string",
            "encrypted": "bool",
            "iops": "number",
            "kms_key_id": "string",
            "snapshot_id": "string",
            "tags": [
              "map",
              "string"
            ],
            "tags_all": [
              "map",
              "string"
            ],
            "throughput": "number",
            "volume_id": "string",
            "volume_size": "number",
            "volume_type": "string"
          }
        ]
      ]
    },
    "ec2_complete_ephemeral_block_device": {
      "value": [],
      "type": [
        "set",
        [
          "object",
          {
            "device_name": "string",
            "no_device": "bool",
            "virtual_name": "string"
          }
        ]
      ]
    },
    "ec2_complete_iam_instance_profile_arn": {
      "value": "arn:aws:iam::302263043236:instance-profile/ex-myapp-20240827143024197700000002",
      "type": "string"
    },
    "ec2_complete_iam_instance_profile_id": {
      "value": "ex-myapp-20240827143024197700000002",
      "type": "string"
    },
    "ec2_complete_iam_instance_profile_unique": {
      "value": "AIPAUMYCIASSIAPDX2BEX",
      "type": "string"
    },
    "ec2_complete_iam_role_arn": {
      "value": "arn:aws:iam::302263043236:role/ex-myapp-20240827143021901800000001",
      "type": "string"
    },
    "ec2_complete_iam_role_name": {
      "value": "ex-myapp-20240827143021901800000001",
      "type": "string"
    },
    "ec2_complete_iam_role_unique_id": {
      "value": "AROAUMYCIASSPYR2ETCCI",
      "type": "string"
    },
    "ec2_complete_id": {
      "value": "i-064a8f194eccf7126",
      "type": "string"
    },
    "ec2_complete_instance_state": {
      "value": "running",
      "type": "string"
    },
    "ec2_complete_primary_network_interface_id": {
      "value": "eni-015b78394092e6f80",
      "type": "string"
    },
    "ec2_complete_private_dns": {
      "value": "ip-10-0-9-79.ec2.internal",
      "type": "string"
    },
    "ec2_complete_public_dns": {
      "value": "",
      "type": "string"
    },
    "ec2_complete_public_ip": {
      "value": "",
      "type": "string"
    },
    "ec2_complete_root_block_device": {
      "value": [
        {
          "delete_on_termination": true,
          "device_name": "/dev/sda1",
          "encrypted": true,
          "iops": 3000,
          "kms_key_id": "arn:aws:kms:us-east-1:302263043236:key/9f460d0d-bd33-4490-82e9-129fefd78dea",
          "tags": {
            "Name": "my-root-block"
          },
          "tags_all": {
            "Name": "my-root-block"
          },
          "throughput": 200,
          "volume_id": "vol-02222a2eae73ceae2",
          "volume_size": 50,
          "volume_type": "gp3"
        }
      ],
      "type": [
        "list",
        [
          "object",
          {
            "delete_on_termination": "bool",
            "device_name": "string",
            "encrypted": "bool",
            "iops": "number",
            "kms_key_id": "string",
            "tags": [
              "map",
              "string"
            ],
            "tags_all": [
              "map",
              "string"
            ],
            "throughput": "number",
            "volume_id": "string",
            "volume_size": "number",
            "volume_type": "string"
          }
        ]
      ]
    },
    "ec2_complete_tags_all": {
      "value": {
        "Example": "ex-myapp",
        "Name": "ex-myapp",
        "Repository": "https://github.com/terraform-aws-modules/terraform-aws-ec2-instance"
      },
      "type": [
        "map",
        "string"
      ]
    },
    "key_pair_arn": {
      "value": "arn:aws:ec2:us-east-1:302263043236:key-pair/ex-myapp",
      "type": "string"
    },
    "key_pair_fingerprint": {
      "value": "ba:54:2e:ab:00:38:c0:42:b4:b5:96:64:f3:5c:0d:43",
      "type": "string"
    },
    "key_pair_id": {
      "value": "key-01e69a2882f9be9cf",
      "type": "string"
    },
    "key_pair_name": {
      "value": "ex-myapp",
      "type": "string"
    },
    "private_key_id": {
      "value": "72de47b451eae08aec86e5be85e11bdd6d1f440f",
      "type": "string"
    },
    "private_key_openssh": {
      "value": "-----BEGIN OPENSSH PRIVATE KEY-----\nb3BlbnNzaC1rZXktdjEAAAAABG5vbmUAAAAEbm9uZQAAAAAAAAABAAACFwAAAAdz\nc2gtcnNhAAAAAwEAAQAAAgEA2ZBPBj635nFghB3b8G5CCIRlcBVdQUe4p+65E3QQ\nrpOcq60HXQGjLiiqwym510gxa/ff0dLNJr7EEUrgfqbSWNyfNzwolTZmuBRJtVko\nXiyNK7drTj49GXfr2rVlWmVea2u9OYgqCpqj/rC3SJWTL+HyM1qgvvhY/hlH5Rge\nTcfe27QFI5y986qD6FAdm+oOwHsWNWjH4kDVSL0DDtJStn9MB2vM2PtX9g50zx6I\nyfAecG8+YdffRYEwY+wV3GnLM7eU0b1Hbj93N/gULrPiXwaKVKKvPw/vrxPVz5E5\ndFWGqpTzUIGM1D8zciu8a0vfB84t4dqHn7Ex47pheqSNgloJEt+ov0/a1rAz6KYo\n/Rg3pvhBVQ1oO3GU+/61RxwDpUixXhId1X1ByYzdSBOQ8kZcFkzSDq3iLHtYThDD\nY82dhXreN5nr7JHauFg0Mmf2TzUQEyd0IbMu0O20Dh1BJR58hSHO+Etd/2WJFp/Q\nBw2t7GJlSibPC3MEhsJhuOmtStnZkhZBWLv2eKEEBc5vTz+NgwjaRvWCa0S+aUlf\n0fDZmjOXnN4Ej1cx1kgtVuD3oPaxgQ/D2qONXvMU9InqC0gX1ckWiEGoOGwEekGE\nZ/iQTNDibwfEZoXyctkLRnZ6UX4/aypKTsmlR06t4I7osVxusu7hq5VCF2ysDggr\n72EAAAc4YXWhxGF1ocQAAAAHc3NoLXJzYQAAAgEA2ZBPBj635nFghB3b8G5CCIRl\ncBVdQUe4p+65E3QQrpOcq60HXQGjLiiqwym510gxa/ff0dLNJr7EEUrgfqbSWNyf\nNzwolTZmuBRJtVkoXiyNK7drTj49GXfr2rVlWmVea2u9OYgqCpqj/rC3SJWTL+Hy\nM1qgvvhY/hlH5RgeTcfe27QFI5y986qD6FAdm+oOwHsWNWjH4kDVSL0DDtJStn9M\nB2vM2PtX9g50zx6IyfAecG8+YdffRYEwY+wV3GnLM7eU0b1Hbj93N/gULrPiXwaK\nVKKvPw/vrxPVz5E5dFWGqpTzUIGM1D8zciu8a0vfB84t4dqHn7Ex47pheqSNgloJ\nEt+ov0/a1rAz6KYo/Rg3pvhBVQ1oO3GU+/61RxwDpUixXhId1X1ByYzdSBOQ8kZc\nFkzSDq3iLHtYThDDY82dhXreN5nr7JHauFg0Mmf2TzUQEyd0IbMu0O20Dh1BJR58\nhSHO+Etd/2WJFp/QBw2t7GJlSibPC3MEhsJhuOmtStnZkhZBWLv2eKEEBc5vTz+N\ngwjaRvWCa0S+aUlf0fDZmjOXnN4Ej1cx1kgtVuD3oPaxgQ/D2qONXvMU9InqC0gX\n1ckWiEGoOGwEekGEZ/iQTNDibwfEZoXyctkLRnZ6UX4/aypKTsmlR06t4I7osVxu\nsu7hq5VCF2ysDggr72EAAAADAQABAAACAFA2z5wK1bzmAmLTq3qq/DetsMSxa8+c\nxO1Nq/kLKvdivzngsr1M1EA5iDQqlzVTjb00B9aRtUfav+lsRPcNRLK0rRMtX/0b\nsKWf/UkalTKblHUQzERt2BMizte1V6gLhdNvRrYGiRGd0Gcf+oONelYGJUlf2bJv\nWEhfQ82opcuhrH4uklJ+AN7s+HNXzoLkugmnmBmbB09Y/goyfgUh8JMOvhZiXYWG\nrfivfcu7g02I9YAY09Q5Rj2XEyNUMP8yFlR8FCd8dPCl/6uoELDja8wDWk84KArF\nMmbHlmZQMfG9cshD4K3HBghfQPWQQIkC0TlMgEgsTSLIrw86caRJNU6zA/Fb83/p\niSIuUeORMPOY+gwSFQs2isgFm5MGybjb7gmGYeDV/4CPJHp3EYGw/xbiTW9+TG+E\naIpQgnoLu+USUJbXdvJevIa5q1cNH2UGOjhbnPosnorNjL0qMjt4oVHbiFfcYWJj\nR5kzzK34Y68zdNDn+aURMRvTxyObZamA+VsbVyhfv0XDjnH3yHYPNx45W1eY3g2c\nxlaOoT9ea4pISIw4sKJXfgWDlDW787FpBCZLlEGmIQkxYFzajcLWB1jGSKduiJTk\n7S7namj1GGin/aImaR28Y8d9IKRbKMnuZdfPBAhfhfS0gZJxppO09IQtvjDVhz+9\niDYPACAhpOYRAAABAQDWlAMLaMaqf7X3SGSbkjCDKlzQyojvsmm0AOWWHN0sHygP\nupyBd1AXnrVL1k+hplEmF6Og9Mv2w1m40Ss3mXPIBa35GS0VLfodtM19r2D3tz1U\nu5Pa8dCFoU0bZziiNvH5AV47og5rnrmfe05f9EkOYceFoLi8FUsG4kcrJoicoAiY\nbCVuSnms9AtoPK7DdNIGPo+8cgmpanWe7Z4PsQYXOyjdUa44zfWpzdgU0S31o3Cy\nKynX725Q37Rd+iYyYImIb/Zl9qDVUrNrg8EBwxRLDk0TbTSwLCY9pFrz/mcyl79A\nzWus7cvlYI8+ArIMnnkGhY+Dc9MVRHupAn2AkjM4AAABAQD08uUOBWSAWlww0WMq\n1D/ddesJ2ENxjkf/Ta5MzKGgU56qNHlgI57sDIn8wnv6B55mQpnJsR298BLskZCF\nVEBEKagB20NiTlW8eXgtChy+IpxPg56A9W3mPDeJsi30CWjSj00XaSICDg98Kdo1\nc6GwEG0dLLODFu2nycaOagHSVNqLco821xo1zLsAJAsMZNpD32OuvvTP/Q/YEpt0\nCxUf0AUPO1i74AD2o5YCIuRfu65AOprtaGEWfj4aUMJ+thaHKxzYsSLH++R0+wZJ\nYvDrHjnr5vKMVWbJQ/98Iuejm6OnjvloJNDwnzhu6IWey1c1I/ppZ/gRR/SNZeaa\n6eQtAAABAQDjYR87KbUsJvITRpLiGtSqcHuWlvOLns4o1GWqvSM+/dmLdJsgegWX\ndV8j07hK+/lp4WEC2/i3KE4o8TK4Tald+bpGyMUCtOnya1b8Fl3GZfaT0/5PzSmM\nmajcD/hZpfqbC7o98D+yW+S634IzvP4F/HbcQ5XWCBh8s6y8Hg76aazpRefg3sfY\nDB96j1WRlCmQoA2dPQ9ZRtAi3B2tt+WIrWc7jcOpGt9eDDKazfgFvzPiObDe2eXo\nyvWhvdWjkEUWLQDoLKg83onCMqF1JPl60oQWf81TNep8KzridozrWJRhi5IWac3K\nYPuBLl3AIPwXRM2F6K2QSeXFLWSM1HSFAAAAAAEC\n-----END OPENSSH PRIVATE KEY-----",
      "type": "string",
      "sensitive": true
    },
    "private_key_pem": {
      "value": "-----BEGIN RSA PRIVATE KEY-----\nMIIJKQIBAAKCAgEA2ZBPBj635nFghB3b8G5CCIRlcBVdQUe4p+65E3QQrpOcq60H\nXQGjLiiqwym510gxa/ff0dLNJr7EEUrgfqbSWNyfNzwolTZmuBRJtVkoXiyNK7dr\nTj49GXfr2rVlWmVea2u9OYgqCpqj/rC3SJWTL+HyM1qgvvhY/hlH5RgeTcfe27QF\nI5y986qD6FAdm+oOwHsWNWjH4kDVSL0DDtJStn9MB2vM2PtX9g50zx6IyfAecG8+\nYdffRYEwY+wV3GnLM7eU0b1Hbj93N/gULrPiXwaKVKKvPw/vrxPVz5E5dFWGqpTz\nUIGM1D8zciu8a0vfB84t4dqHn7Ex47pheqSNgloJEt+ov0/a1rAz6KYo/Rg3pvhB\nVQ1oO3GU+/61RxwDpUixXhId1X1ByYzdSBOQ8kZcFkzSDq3iLHtYThDDY82dhXre\nN5nr7JHauFg0Mmf2TzUQEyd0IbMu0O20Dh1BJR58hSHO+Etd/2WJFp/QBw2t7GJl\nSibPC3MEhsJhuOmtStnZkhZBWLv2eKEEBc5vTz+NgwjaRvWCa0S+aUlf0fDZmjOX\nnN4Ej1cx1kgtVuD3oPaxgQ/D2qONXvMU9InqC0gX1ckWiEGoOGwEekGEZ/iQTNDi\nbwfEZoXyctkLRnZ6UX4/aypKTsmlR06t4I7osVxusu7hq5VCF2ysDggr72ECAwEA\nAQKCAgBQNs+cCtW85gJi06t6qvw3rbDEsWvPnMTtTav5Cyr3Yr854LK9TNRAOYg0\nKpc1U429NAfWkbVH2r/pbET3DUSytK0TLV/9G7Cln/1JGpUym5R1EMxEbdgTIs7X\ntVeoC4XTb0a2BokRndBnH/qDjXpWBiVJX9myb1hIX0PNqKXLoax+LpJSfgDe7Phz\nV86C5LoJp5gZmwdPWP4KMn4FIfCTDr4WYl2Fhq34r33Lu4NNiPWAGNPUOUY9lxMj\nVDD/MhZUfBQnfHTwpf+rqBCw42vMA1pPOCgKxTJmx5ZmUDHxvXLIQ+CtxwYIX0D1\nkECJAtE5TIBILE0iyK8POnGkSTVOswPxW/N/6YkiLlHjkTDzmPoMEhULNorIBZuT\nBsm42+4JhmHg1f+AjyR6dxGBsP8W4k1vfkxvhGiKUIJ6C7vlElCW13byXryGuatX\nDR9lBjo4W5z6LJ6KzYy9KjI7eKFR24hX3GFiY0eZM8yt+GOvM3TQ5/mlETEb08cj\nm2WpgPlbG1coX79Fw45x98h2DzceOVtXmN4NnMZWjqE/XmuKSEiMOLCiV34Fg5Q1\nu/OxaQQmS5RBpiEJMWBc2o3C1gdYxkinboiU5O0u52po9Rhop/2iJmkdvGPHfSCk\nWyjJ7mXXzwQIX4X0tIGScaaTtPSELb4w1Yc/vYg2DwAgIaTmEQKCAQEA9PLlDgVk\ngFpcMNFjKtQ/3XXrCdhDcY5H/02uTMyhoFOeqjR5YCOe7AyJ/MJ7+geeZkKZybEd\nvfAS7JGQhVRARCmoAdtDYk5VvHl4LQocviKcT4OegPVt5jw3ibIt9Alo0o9NF2ki\nAg4PfCnaNXOhsBBtHSyzgxbtp8nGjmoB0lTai3KPNtcaNcy7ACQLDGTaQ99jrr70\nz/0P2BKbdAsVH9AFDztYu+AA9qOWAiLkX7uuQDqa7WhhFn4+GlDCfrYWhysc2LEi\nx/vkdPsGSWLw6x456+byjFVmyUP/fCLno5ujp475aCTQ8J84buiFnstXNSP6aWf4\nEUf0jWXmmunkLQKCAQEA42EfOym1LCbyE0aS4hrUqnB7lpbzi57OKNRlqr0jPv3Z\ni3SbIHoFl3VfI9O4Svv5aeFhAtv4tyhOKPEyuE2pXfm6RsjFArTp8mtW/BZdxmX2\nk9P+T80pjJmo3A/4WaX6mwu6PfA/slvkut+CM7z+Bfx23EOV1ggYfLOsvB4O+mms\n6UXn4N7H2Awfeo9VkZQpkKANnT0PWUbQItwdrbfliK1nO43DqRrfXgwyms34Bb8z\n4jmw3tnl6Mr1ob3Vo5BFFi0A6CyoPN6JwjKhdST5etKEFn/NUzXqfCs64naM61iU\nYYuSFmnNymD7gS5dwCD8F0TNheitkEnlxS1kjNR0hQKCAQEAlOaepSJUEM5dInP2\no49470gCQ+7KONp0G9d98EOosMyENBVH/1BICFgq/ZLASKKfAKzVzcy0NsUcy+BF\nCTfJBWaJMe+3C6hw5+yzSDXQeSiS+qcZEG2hjAbo//RniOS7atwf0e5f9P3VHfZX\nJo0PKfciTUziJvsmJww6flIkn1Zjr8dJFd42maPFvXUrnjIkmIPQleaQ7Wp5WjEd\nfLJL+hW7LaI286ZdD5Er3EqXpzZw26yEh3MfKcw+NkMHqH1KPorPs04ixYzzOMVr\n8eqKZ3LtZOD0aqhznj+OrEiPpV40YuQ/6rYOqWcwqAMDTx9u+OfRDohcPS0PlXDv\neRZbVQKCAQANIAMUgDDUDp90m2NJJ/FUsU+A/s+qJI2T78a6l1ZcgXy4Pw/hTQnb\nl0vZnpQJyAe6o+bcqmPt9qakWF/sIZeANDUbduVgZZ8Hfki0HnplRGd6WwdYBei7\nE/eaVFWqnxkbMA8dGiwjGIjYfKRgZi1nnQ4jYsdYZnk7YYe8CCQnMkhn4sAiy9lP\nUEvU4Ec5Mws/LO38QJUNOzgyevA/odjfDdtipalArqtsG1okc3U4p7PQADKEeqF5\n0ZViM7oMSfyi7hAaVtGTSek7y35ka7D29QXo4pGwlvElH72zatJxl1hhVRQmtQ7K\n+tQpvcptl7nVggQ3EZpLNOjNe/RM6MqdAoIBAQDWlAMLaMaqf7X3SGSbkjCDKlzQ\nyojvsmm0AOWWHN0sHygPupyBd1AXnrVL1k+hplEmF6Og9Mv2w1m40Ss3mXPIBa35\nGS0VLfodtM19r2D3tz1Uu5Pa8dCFoU0bZziiNvH5AV47og5rnrmfe05f9EkOYceF\noLi8FUsG4kcrJoicoAiYbCVuSnms9AtoPK7DdNIGPo+8cgmpanWe7Z4PsQYXOyjd\nUa44zfWpzdgU0S31o3CyKynX725Q37Rd+iYyYImIb/Zl9qDVUrNrg8EBwxRLDk0T\nbTSwLCY9pFrz/mcyl79AzWus7cvlYI8+ArIMnnkGhY+Dc9MVRHupAn2AkjM4\n-----END RSA PRIVATE KEY-----",
      "type": "string",
      "sensitive": true
    },
    "public_key_fingerprint_md5": {
      "value": "07:7e:72:69:31:2d:19:26:ed:a4:c5:57:7c:5a:17:7e",
      "type": "string"
    },
    "public_key_fingerprint_sha256": {
      "value": "SHA256:HZ4SlYsiKZQadroo+a5zuw+OhY6PzaODfNWMNsVo6Zw",
      "type": "string"
    },
    "public_key_openssh": {
      "value": "ssh-rsa AAAAB3NzaC1yc2EAAAADAQABAAACAQDZkE8GPrfmcWCEHdvwbkIIhGVwFV1BR7in7rkTdBCuk5yrrQddAaMuKKrDKbnXSDFr99/R0s0mvsQRSuB+ptJY3J83PCiVNma4FEm1WSheLI0rt2tOPj0Zd+vatWVaZV5ra705iCoKmqP+sLdIlZMv4fIzWqC++Fj+GUflGB5Nx97btAUjnL3zqoPoUB2b6g7AexY1aMfiQNVIvQMO0lK2f0wHa8zY+1f2DnTPHojJ8B5wbz5h199FgTBj7BXcacszt5TRvUduP3c3+BQus+JfBopUoq8/D++vE9XPkTl0VYaqlPNQgYzUPzNyK7xrS98Hzi3h2oefsTHjumF6pI2CWgkS36i/T9rWsDPopij9GDem+EFVDWg7cZT7/rVHHAOlSLFeEh3VfUHJjN1IE5DyRlwWTNIOreIse1hOEMNjzZ2Fet43mevskdq4WDQyZ/ZPNRATJ3Qhsy7Q7bQOHUElHnyFIc74S13/ZYkWn9AHDa3sYmVKJs8LcwSGwmG46a1K2dmSFkFYu/Z4oQQFzm9PP42DCNpG9YJrRL5pSV/R8NmaM5ec3gSPVzHWSC1W4Peg9rGBD8Pao41e8xT0ieoLSBfVyRaIQag4bAR6QYRn+JBM0OJvB8RmhfJy2QtGdnpRfj9rKkpOyaVHTq3gjuixXG6y7uGrlUIXbKwOCCvvYQ==",
      "type": "string"
    },
    "public_key_pem": {
      "value": "-----BEGIN PUBLIC KEY-----\nMIICIjANBgkqhkiG9w0BAQEFAAOCAg8AMIICCgKCAgEA2ZBPBj635nFghB3b8G5C\nCIRlcBVdQUe4p+65E3QQrpOcq60HXQGjLiiqwym510gxa/ff0dLNJr7EEUrgfqbS\nWNyfNzwolTZmuBRJtVkoXiyNK7drTj49GXfr2rVlWmVea2u9OYgqCpqj/rC3SJWT\nL+HyM1qgvvhY/hlH5RgeTcfe27QFI5y986qD6FAdm+oOwHsWNWjH4kDVSL0DDtJS\ntn9MB2vM2PtX9g50zx6IyfAecG8+YdffRYEwY+wV3GnLM7eU0b1Hbj93N/gULrPi\nXwaKVKKvPw/vrxPVz5E5dFWGqpTzUIGM1D8zciu8a0vfB84t4dqHn7Ex47pheqSN\ngloJEt+ov0/a1rAz6KYo/Rg3pvhBVQ1oO3GU+/61RxwDpUixXhId1X1ByYzdSBOQ\n8kZcFkzSDq3iLHtYThDDY82dhXreN5nr7JHauFg0Mmf2TzUQEyd0IbMu0O20Dh1B\nJR58hSHO+Etd/2WJFp/QBw2t7GJlSibPC3MEhsJhuOmtStnZkhZBWLv2eKEEBc5v\nTz+NgwjaRvWCa0S+aUlf0fDZmjOXnN4Ej1cx1kgtVuD3oPaxgQ/D2qONXvMU9Inq\nC0gX1ckWiEGoOGwEekGEZ/iQTNDibwfEZoXyctkLRnZ6UX4/aypKTsmlR06t4I7o\nsVxusu7hq5VCF2ysDggr72ECAwEAAQ==\n-----END PUBLIC KEY-----",
      "type": "string"
    }
  },
  "resources": [
    {
      "mode": "data",
      "type": "aws_ami",
      "name": "amazon_linux_23",
      "provider": "provider[\"registry.terraform.io/hashicorp/aws\"]",
      "instances": [
        {
          "schema_version": 0,
          "attributes": {
            "architecture": "x86_64",
            "arn": "arn:aws:ec2:us-east-1::image/ami-066784287e358dad1",
            "block_device_mappings": [
              {
                "device_name": "/dev/xvda",
                "ebs": {
                  "delete_on_termination": "true",
                  "encrypted": "false",
                  "iops": "3000",
                  "snapshot_id": "snap-0cf83ce60b851217c",
                  "throughput": "125",
                  "volume_size": "8",
                  "volume_type": "gp3"
                },
                "no_device": "",
                "virtual_name": ""
              }
            ],
            "boot_mode": "uefi-preferred",
            "creation_date": "2024-08-15T17:38:21.000Z",
            "deprecation_time": "2024-11-13T17:38:00.000Z",
            "description": "Amazon Linux 2023 AMI 2023.5.20240819.0 x86_64 HVM kernel-6.1",
            "ena_support": true,
            "executable_users": null,
            "filter": [
              {
                "name": "name",
                "values": [
                  "al2023-ami-2023*-x86_64"
                ]
              }
            ],
            "hypervisor": "xen",
            "id": "ami-066784287e358dad1",
            "image_id": "ami-066784287e358dad1",
            "image_location": "amazon/al2023-ami-2023.5.20240819.0-kernel-6.1-x86_64",
            "image_owner_alias": "amazon",
            "image_type": "machine",
            "imds_support": "v2.0",
            "include_deprecated": false,
            "kernel_id": "",
            "most_recent": true,
            "name": "al2023-ami-2023.5.20240819.0-kernel-6.1-x86_64",
            "name_regex": null,
            "owner_id": "137112412989",
            "owners": [
              "amazon"
            ],
            "platform": "",
            "platform_details": "Linux/UNIX",
            "product_codes": [],
            "public": true,
            "ramdisk_id": "",
            "root_device_name": "/dev/xvda",
            "root_device_type": "ebs",
            "root_snapshot_id": "snap-0cf83ce60b851217c",
            "sriov_net_support": "simple",
            "state": "available",
            "state_reason": {
              "code": "UNSET",
              "message": "UNSET"
            },
            "tags": {},
            "timeouts": null,
            "tpm_support": "",
            "usage_operation": "RunInstances",
            "virtualization_type": "hvm"
          },
          "sensitive_attributes": []
        }
      ]
    },
    {
      "mode": "data",
      "type": "aws_ami",
      "name": "ubuntu",
      "provider": "provider[\"registry.terraform.io/hashicorp/aws\"]",
      "instances": [
        {
          "schema_version": 0,
          "attributes": {
            "architecture": "x86_64",
            "arn": "arn:aws:ec2:us-east-1::image/ami-0ad554caf874569d2",
            "block_device_mappings": [
              {
                "device_name": "/dev/sda1",
                "ebs": {
                  "delete_on_termination": "true",
                  "encrypted": "false",
                  "iops": "0",
                  "snapshot_id": "snap-04d7ff6c139486f7b",
                  "throughput": "0",
                  "volume_size": "8",
                  "volume_type": "gp2"
                },
                "no_device": "",
                "virtual_name": ""
              },
              {
                "device_name": "/dev/sdb",
                "ebs": {},
                "no_device": "",
                "virtual_name": "ephemeral0"
              },
              {
                "device_name": "/dev/sdc",
                "ebs": {},
                "no_device": "",
                "virtual_name": "ephemeral1"
              }
            ],
            "boot_mode": "uefi-preferred",
            "creation_date": "2024-08-21T03:33:55.000Z",
            "deprecation_time": "2026-08-21T03:33:55.000Z",
            "description": "Canonical, Ubuntu, 22.04 LTS, amd64 jammy image build on 2024-08-21",
            "ena_support": true,
            "executable_users": null,
            "filter": [
              {
                "name": "name",
                "values": [
                  "ubuntu/images/hvm-ssd/ubuntu-jammy-22.04-amd64-server-*"
                ]
              },
              {
                "name": "virtualization-type",
                "values": [
                  "hvm"
                ]
              }
            ],
            "hypervisor": "xen",
            "id": "ami-0ad554caf874569d2",
            "image_id": "ami-0ad554caf874569d2",
            "image_location": "amazon/ubuntu/images/hvm-ssd/ubuntu-jammy-22.04-amd64-server-20240821",
            "image_owner_alias": "amazon",
            "image_type": "machine",
            "imds_support": "",
            "include_deprecated": false,
            "kernel_id": "",
            "most_recent": true,
            "name": "ubuntu/images/hvm-ssd/ubuntu-jammy-22.04-amd64-server-20240821",
            "name_regex": null,
            "owner_id": "099720109477",
            "owners": [
              "099720109477"
            ],
            "platform": "",
            "platform_details": "Linux/UNIX",
            "product_codes": [],
            "public": true,
            "ramdisk_id": "",
            "root_device_name": "/dev/sda1",
            "root_device_type": "ebs",
            "root_snapshot_id": "snap-04d7ff6c139486f7b",
            "sriov_net_support": "simple",
            "state": "available",
            "state_reason": {
              "code": "UNSET",
              "message": "UNSET"
            },
            "tags": {},
            "timeouts": null,
            "tpm_support": "",
            "usage_operation": "RunInstances",
            "virtualization_type": "hvm"
          },
          "sensitive_attributes": []
        }
      ]
    },
    {
      "mode": "data",
      "type": "aws_availability_zones",
      "name": "available",
      "provider": "provider[\"registry.terraform.io/hashicorp/aws\"]",
      "instances": [
        {
          "schema_version": 0,
          "attributes": {
            "all_availability_zones": null,
            "exclude_names": null,
            "exclude_zone_ids": null,
            "filter": null,
            "group_names": [
              "us-east-1"
            ],
            "id": "us-east-1",
            "names": [
              "us-east-1a",
              "us-east-1b",
              "us-east-1c",
              "us-east-1d",
              "us-east-1e",
              "us-east-1f"
            ],
            "state": null,
            "timeouts": null,
            "zone_ids": [
              "use1-az4",
              "use1-az6",
              "use1-az1",
              "use1-az2",
              "use1-az3",
              "use1-az5"
            ]
          },
          "sensitive_attributes": []
        }
      ]
    },
    {
      "module": "module.ec2_complete",
      "mode": "data",
      "type": "aws_iam_policy_document",
      "name": "assume_role_policy",
      "provider": "provider[\"registry.terraform.io/hashicorp/aws\"]",
      "instances": [
        {
          "index_key": 0,
          "schema_version": 0,
          "attributes": {
            "id": "1256122602",
            "json": "{\n  \"Version\": \"2012-10-17\",\n  \"Statement\": [\n    {\n      \"Sid\": \"EC2AssumeRole\",\n      \"Effect\": \"Allow\",\n      \"Action\": \"sts:AssumeRole\",\n      \"Principal\": {\n        \"Service\": \"ec2.amazonaws.com\"\n      }\n    }\n  ]\n}",
            "minified_json": "{\"Version\":\"2012-10-17\",\"Statement\":[{\"Sid\":\"EC2AssumeRole\",\"Effect\":\"Allow\",\"Action\":\"sts:AssumeRole\",\"Principal\":{\"Service\":\"ec2.amazonaws.com\"}}]}",
            "override_json": null,
            "override_policy_documents": null,
            "policy_id": null,
            "source_json": null,
            "source_policy_documents": null,
            "statement": [
              {
                "actions": [
                  "sts:AssumeRole"
                ],
                "condition": [],
                "effect": "Allow",
                "not_actions": [],
                "not_principals": [],
                "not_resources": [],
                "principals": [
                  {
                    "identifiers": [
                      "ec2.amazonaws.com"
                    ],
                    "type": "Service"
                  }
                ],
                "resources": [],
                "sid": "EC2AssumeRole"
              }
            ],
            "version": "2012-10-17"
          },
          "sensitive_attributes": []
        }
      ]
    },
    {
      "module": "module.ec2_complete",
      "mode": "data",
      "type": "aws_partition",
      "name": "current",
      "provider": "provider[\"registry.terraform.io/hashicorp/aws\"]",
      "instances": [
        {
          "schema_version": 0,
          "attributes": {
            "dns_suffix": "amazonaws.com",
            "id": "aws",
            "partition": "aws",
            "reverse_dns_prefix": "com.amazonaws"
          },
          "sensitive_attributes": []
        }
      ]
    },
    {
      "module": "module.ec2_complete",
      "mode": "managed",
      "type": "aws_iam_instance_profile",
      "name": "this",
      "provider": "provider[\"registry.terraform.io/hashicorp/aws\"]",
      "instances": [
        {
          "index_key": 0,
          "schema_version": 0,
          "attributes": {
            "arn": "arn:aws:iam::302263043236:instance-profile/ex-myapp-20240827143024197700000002",
            "create_date": "2024-08-27T14:30:23Z",
            "id": "ex-myapp-20240827143024197700000002",
            "name": "ex-myapp-20240827143024197700000002",
            "name_prefix": "ex-myapp-",
            "path": "/",
            "role": "ex-myapp-20240827143021901800000001",
            "tags": {
              "Example": "ex-myapp",
              "Name": "ex-myapp",
              "Repository": "https://github.com/terraform-aws-modules/terraform-aws-ec2-instance"
            },
            "tags_all": {
              "Example": "ex-myapp",
              "Name": "ex-myapp",
              "Repository": "https://github.com/terraform-aws-modules/terraform-aws-ec2-instance"
            },
            "unique_id": "AIPAUMYCIASSIAPDX2BEX"
          },
          "sensitive_attributes": [],
          "private": "bnVsbA==",
          "dependencies": [
            "module.ec2_complete.aws_iam_role.this",
            "module.ec2_complete.data.aws_iam_policy_document.assume_role_policy",
            "module.ec2_complete.data.aws_partition.current"
          ],
          "create_before_destroy": true
        }
      ]
    },
    {
      "module": "module.ec2_complete",
      "mode": "managed",
      "type": "aws_iam_role",
      "name": "this",
      "provider": "provider[\"registry.terraform.io/hashicorp/aws\"]",
      "instances": [
        {
          "index_key": 0,
          "schema_version": 0,
          "attributes": {
            "arn": "arn:aws:iam::302263043236:role/ex-myapp-20240827143021901800000001",
            "assume_role_policy": "{\"Statement\":[{\"Action\":\"sts:AssumeRole\",\"Effect\":\"Allow\",\"Principal\":{\"Service\":\"ec2.amazonaws.com\"},\"Sid\":\"EC2AssumeRole\"}],\"Version\":\"2012-10-17\"}",
            "create_date": "2024-08-27T14:30:21Z",
            "description": "IAM role for EC2 instance",
            "force_detach_policies": true,
            "id": "ex-myapp-20240827143021901800000001",
            "inline_policy": [],
            "managed_policy_arns": [],
            "max_session_duration": 3600,
            "name": "ex-myapp-20240827143021901800000001",
            "name_prefix": "ex-myapp-",
            "path": "/",
            "permissions_boundary": "",
            "tags": {
              "Example": "ex-myapp",
              "Name": "ex-myapp",
              "Repository": "https://github.com/terraform-aws-modules/terraform-aws-ec2-instance"
            },
            "tags_all": {
              "Example": "ex-myapp",
              "Name": "ex-myapp",
              "Repository": "https://github.com/terraform-aws-modules/terraform-aws-ec2-instance"
            },
            "unique_id": "AROAUMYCIASSPYR2ETCCI"
          },
          "sensitive_attributes": [],
          "private": "bnVsbA==",
          "dependencies": [
            "module.ec2_complete.data.aws_iam_policy_document.assume_role_policy",
            "module.ec2_complete.data.aws_partition.current"
          ],
          "create_before_destroy": true
        }
      ]
    },
    {
      "module": "module.ec2_complete",
      "mode": "managed",
      "type": "aws_iam_role_policy_attachment",
      "name": "this",
      "provider": "provider[\"registry.terraform.io/hashicorp/aws\"]",
      "instances": [
        {
          "index_key": "AdministratorAccess",
          "schema_version": 0,
          "attributes": {
            "id": "ex-myapp-20240827143021901800000001-20240827143024551900000003",
            "policy_arn": "arn:aws:iam::aws:policy/AdministratorAccess",
            "role": "ex-myapp-20240827143021901800000001"
          },
          "sensitive_attributes": [],
          "private": "bnVsbA==",
          "dependencies": [
            "module.ec2_complete.aws_iam_role.this",
            "module.ec2_complete.data.aws_iam_policy_document.assume_role_policy",
            "module.ec2_complete.data.aws_partition.current"
          ]
        }
      ]
    },
    {
      "module": "module.ec2_complete",
      "mode": "managed",
      "type": "aws_instance",
      "name": "this",
      "provider": "provider[\"registry.terraform.io/hashicorp/aws\"]",
      "instances": [
        {
          "index_key": 0,
          "schema_version": 1,
          "attributes": {
            "ami": "ami-0ad554caf874569d2",
            "arn": "arn:aws:ec2:us-east-1:302263043236:instance/i-064a8f194eccf7126",
            "associate_public_ip_address": false,
            "availability_zone": "us-east-1a",
            "capacity_reservation_specification": [
              {
                "capacity_reservation_preference": "open",
                "capacity_reservation_target": []
              }
            ],
            "cpu_core_count": 2,
            "cpu_options": [
              {
                "amd_sev_snp": "",
                "core_count": 2,
                "threads_per_core": 1
              }
            ],
            "cpu_threads_per_core": 1,
            "credit_specification": [
              {
                "cpu_credits": "standard"
              }
            ],
            "disable_api_stop": false,
            "disable_api_termination": false,
            "ebs_block_device": [],
            "ebs_optimized": false,
            "enclave_options": [
              {
                "enabled": false
              }
            ],
            "ephemeral_block_device": [],
            "get_password_data": false,
            "hibernation": false,
            "host_id": "",
            "host_resource_group_arn": null,
            "iam_instance_profile": "ex-myapp-20240827143024197700000002",
            "id": "i-064a8f194eccf7126",
            "instance_initiated_shutdown_behavior": "stop",
            "instance_lifecycle": "",
            "instance_market_options": [],
            "instance_state": "running",
            "instance_type": "t2.medium",
            "ipv6_address_count": 0,
            "ipv6_addresses": [],
            "key_name": "ex-myapp",
            "launch_template": [],
            "maintenance_options": [
              {
                "auto_recovery": "default"
              }
            ],
            "metadata_options": [
              {
                "http_endpoint": "enabled",
                "http_protocol_ipv6": "disabled",
                "http_put_response_hop_limit": 1,
                "http_tokens": "optional",
                "instance_metadata_tags": "disabled"
              }
            ],
            "monitoring": false,
            "network_interface": [],
            "outpost_arn": "",
            "password_data": "",
            "placement_group": "",
            "placement_partition_number": 0,
            "primary_network_interface_id": "eni-015b78394092e6f80",
            "private_dns": "ip-10-0-9-79.ec2.internal",
            "private_dns_name_options": [
              {
                "enable_resource_name_dns_a_record": false,
                "enable_resource_name_dns_aaaa_record": false,
                "hostname_type": "ip-name"
              }
            ],
            "private_ip": "10.0.9.79",
            "public_dns": "",
            "public_ip": "",
            "root_block_device": [
              {
                "delete_on_termination": true,
                "device_name": "/dev/sda1",
                "encrypted": true,
                "iops": 3000,
                "kms_key_id": "arn:aws:kms:us-east-1:302263043236:key/9f460d0d-bd33-4490-82e9-129fefd78dea",
                "tags": {
                  "Name": "my-root-block"
                },
                "tags_all": {
                  "Name": "my-root-block"
                },
                "throughput": 200,
                "volume_id": "vol-02222a2eae73ceae2",
                "volume_size": 50,
                "volume_type": "gp3"
              }
            ],
            "secondary_private_ips": [],
            "security_groups": [],
            "source_dest_check": true,
            "spot_instance_request_id": "",
            "subnet_id": "subnet-07e4680031d2ee998",
            "tags": {
              "Example": "ex-myapp",
              "Name": "ex-myapp",
              "Repository": "https://github.com/terraform-aws-modules/terraform-aws-ec2-instance"
            },
            "tags_all": {
              "Example": "ex-myapp",
              "Name": "ex-myapp",
              "Repository": "https://github.com/terraform-aws-modules/terraform-aws-ec2-instance"
            },
            "tenancy": "default",
            "timeouts": {
              "create": null,
              "delete": null,
              "read": null,
              "update": null
            },
            "user_data": null,
            "user_data_base64": "IyEvYmluL2Jhc2gNCmVjaG8gIkhlbGxvIFRlcnJhZm9ybSEiDQo=",
            "user_data_replace_on_change": true,
            "volume_tags": null,
            "vpc_security_group_ids": [
              "sg-06d15ad7235843dc6"
            ]
          },
          "sensitive_attributes": [],
          "private": "eyJlMmJmYjczMC1lY2FhLTExZTYtOGY4OC0zNDM2M2JjN2M0YzAiOnsiY3JlYXRlIjo2MDAwMDAwMDAwMDAsImRlbGV0ZSI6MTIwMDAwMDAwMDAwMCwicmVhZCI6OTAwMDAwMDAwMDAwLCJ1cGRhdGUiOjYwMDAwMDAwMDAwMH0sInNjaGVtYV92ZXJzaW9uIjoiMSJ9",
          "dependencies": [
            "data.aws_ami.ubuntu",
            "data.aws_availability_zones.available",
            "module.ec2_complete.aws_iam_instance_profile.this",
            "module.ec2_complete.aws_iam_role.this",
            "module.ec2_complete.data.aws_iam_policy_document.assume_role_policy",
            "module.ec2_complete.data.aws_partition.current",
            "module.ec2_complete.data.aws_ssm_parameter.this",
            "module.key_pair.aws_key_pair.this",
            "module.key_pair.tls_private_key.this",
            "module.security_group.aws_security_group.this",
            "module.security_group.aws_security_group.this_name_prefix",
            "module.vpc.aws_subnet.private",
            "module.vpc.aws_vpc.this",
            "module.vpc.aws_vpc_ipv4_cidr_block_association.this"
          ]
        }
      ]
    },
    {
      "module": "module.key_pair",
      "mode": "managed",
      "type": "aws_key_pair",
      "name": "this",
      "provider": "provider[\"registry.terraform.io/hashicorp/aws\"]",
      "instances": [
        {
          "index_key": 0,
          "schema_version": 1,
          "attributes": {
            "arn": "arn:aws:ec2:us-east-1:302263043236:key-pair/ex-myapp",
            "fingerprint": "ba:54:2e:ab:00:38:c0:42:b4:b5:96:64:f3:5c:0d:43",
            "id": "ex-myapp",
            "key_name": "ex-myapp",
            "key_name_prefix": "",
            "key_pair_id": "key-01e69a2882f9be9cf",
            "key_type": "rsa",
            "public_key": "ssh-rsa AAAAB3NzaC1yc2EAAAADAQABAAACAQDZkE8GPrfmcWCEHdvwbkIIhGVwFV1BR7in7rkTdBCuk5yrrQddAaMuKKrDKbnXSDFr99/R0s0mvsQRSuB+ptJY3J83PCiVNma4FEm1WSheLI0rt2tOPj0Zd+vatWVaZV5ra705iCoKmqP+sLdIlZMv4fIzWqC++Fj+GUflGB5Nx97btAUjnL3zqoPoUB2b6g7AexY1aMfiQNVIvQMO0lK2f0wHa8zY+1f2DnTPHojJ8B5wbz5h199FgTBj7BXcacszt5TRvUduP3c3+BQus+JfBopUoq8/D++vE9XPkTl0VYaqlPNQgYzUPzNyK7xrS98Hzi3h2oefsTHjumF6pI2CWgkS36i/T9rWsDPopij9GDem+EFVDWg7cZT7/rVHHAOlSLFeEh3VfUHJjN1IE5DyRlwWTNIOreIse1hOEMNjzZ2Fet43mevskdq4WDQyZ/ZPNRATJ3Qhsy7Q7bQOHUElHnyFIc74S13/ZYkWn9AHDa3sYmVKJs8LcwSGwmG46a1K2dmSFkFYu/Z4oQQFzm9PP42DCNpG9YJrRL5pSV/R8NmaM5ec3gSPVzHWSC1W4Peg9rGBD8Pao41e8xT0ieoLSBfVyRaIQag4bAR6QYRn+JBM0OJvB8RmhfJy2QtGdnpRfj9rKkpOyaVHTq3gjuixXG6y7uGrlUIXbKwOCCvvYQ==",
            "tags": {
              "Example": "ex-myapp",
              "Name": "ex-myapp",
              "Repository": "https://github.com/terraform-aws-modules/terraform-aws-ec2-instance"
            },
            "tags_all": {
              "Example": "ex-myapp",
              "Name": "ex-myapp",
              "Repository": "https://github.com/terraform-aws-modules/terraform-aws-ec2-instance"
            }
          },
          "sensitive_attributes": [],
          "private": "eyJzY2hlbWFfdmVyc2lvbiI6IjEifQ==",
          "dependencies": [
            "module.key_pair.tls_private_key.this"
          ]
        }
      ]
    },
    {
      "module": "module.key_pair",
      "mode": "managed",
      "type": "tls_private_key",
      "name": "this",
      "provider": "provider[\"registry.terraform.io/hashicorp/tls\"]",
      "instances": [
        {
          "index_key": 0,
          "schema_version": 1,
          "attributes": {
            "algorithm": "RSA",
            "ecdsa_curve": "P224",
            "id": "72de47b451eae08aec86e5be85e11bdd6d1f440f",
            "private_key_openssh": "-----BEGIN OPENSSH PRIVATE KEY-----\nb3BlbnNzaC1rZXktdjEAAAAABG5vbmUAAAAEbm9uZQAAAAAAAAABAAACFwAAAAdz\nc2gtcnNhAAAAAwEAAQAAAgEA2ZBPBj635nFghB3b8G5CCIRlcBVdQUe4p+65E3QQ\nrpOcq60HXQGjLiiqwym510gxa/ff0dLNJr7EEUrgfqbSWNyfNzwolTZmuBRJtVko\nXiyNK7drTj49GXfr2rVlWmVea2u9OYgqCpqj/rC3SJWTL+HyM1qgvvhY/hlH5Rge\nTcfe27QFI5y986qD6FAdm+oOwHsWNWjH4kDVSL0DDtJStn9MB2vM2PtX9g50zx6I\nyfAecG8+YdffRYEwY+wV3GnLM7eU0b1Hbj93N/gULrPiXwaKVKKvPw/vrxPVz5E5\ndFWGqpTzUIGM1D8zciu8a0vfB84t4dqHn7Ex47pheqSNgloJEt+ov0/a1rAz6KYo\n/Rg3pvhBVQ1oO3GU+/61RxwDpUixXhId1X1ByYzdSBOQ8kZcFkzSDq3iLHtYThDD\nY82dhXreN5nr7JHauFg0Mmf2TzUQEyd0IbMu0O20Dh1BJR58hSHO+Etd/2WJFp/Q\nBw2t7GJlSibPC3MEhsJhuOmtStnZkhZBWLv2eKEEBc5vTz+NgwjaRvWCa0S+aUlf\n0fDZmjOXnN4Ej1cx1kgtVuD3oPaxgQ/D2qONXvMU9InqC0gX1ckWiEGoOGwEekGE\nZ/iQTNDibwfEZoXyctkLRnZ6UX4/aypKTsmlR06t4I7osVxusu7hq5VCF2ysDggr\n72EAAAc4YXWhxGF1ocQAAAAHc3NoLXJzYQAAAgEA2ZBPBj635nFghB3b8G5CCIRl\ncBVdQUe4p+65E3QQrpOcq60HXQGjLiiqwym510gxa/ff0dLNJr7EEUrgfqbSWNyf\nNzwolTZmuBRJtVkoXiyNK7drTj49GXfr2rVlWmVea2u9OYgqCpqj/rC3SJWTL+Hy\nM1qgvvhY/hlH5RgeTcfe27QFI5y986qD6FAdm+oOwHsWNWjH4kDVSL0DDtJStn9M\nB2vM2PtX9g50zx6IyfAecG8+YdffRYEwY+wV3GnLM7eU0b1Hbj93N/gULrPiXwaK\nVKKvPw/vrxPVz5E5dFWGqpTzUIGM1D8zciu8a0vfB84t4dqHn7Ex47pheqSNgloJ\nEt+ov0/a1rAz6KYo/Rg3pvhBVQ1oO3GU+/61RxwDpUixXhId1X1ByYzdSBOQ8kZc\nFkzSDq3iLHtYThDDY82dhXreN5nr7JHauFg0Mmf2TzUQEyd0IbMu0O20Dh1BJR58\nhSHO+Etd/2WJFp/QBw2t7GJlSibPC3MEhsJhuOmtStnZkhZBWLv2eKEEBc5vTz+N\ngwjaRvWCa0S+aUlf0fDZmjOXnN4Ej1cx1kgtVuD3oPaxgQ/D2qONXvMU9InqC0gX\n1ckWiEGoOGwEekGEZ/iQTNDibwfEZoXyctkLRnZ6UX4/aypKTsmlR06t4I7osVxu\nsu7hq5VCF2ysDggr72EAAAADAQABAAACAFA2z5wK1bzmAmLTq3qq/DetsMSxa8+c\nxO1Nq/kLKvdivzngsr1M1EA5iDQqlzVTjb00B9aRtUfav+lsRPcNRLK0rRMtX/0b\nsKWf/UkalTKblHUQzERt2BMizte1V6gLhdNvRrYGiRGd0Gcf+oONelYGJUlf2bJv\nWEhfQ82opcuhrH4uklJ+AN7s+HNXzoLkugmnmBmbB09Y/goyfgUh8JMOvhZiXYWG\nrfivfcu7g02I9YAY09Q5Rj2XEyNUMP8yFlR8FCd8dPCl/6uoELDja8wDWk84KArF\nMmbHlmZQMfG9cshD4K3HBghfQPWQQIkC0TlMgEgsTSLIrw86caRJNU6zA/Fb83/p\niSIuUeORMPOY+gwSFQs2isgFm5MGybjb7gmGYeDV/4CPJHp3EYGw/xbiTW9+TG+E\naIpQgnoLu+USUJbXdvJevIa5q1cNH2UGOjhbnPosnorNjL0qMjt4oVHbiFfcYWJj\nR5kzzK34Y68zdNDn+aURMRvTxyObZamA+VsbVyhfv0XDjnH3yHYPNx45W1eY3g2c\nxlaOoT9ea4pISIw4sKJXfgWDlDW787FpBCZLlEGmIQkxYFzajcLWB1jGSKduiJTk\n7S7namj1GGin/aImaR28Y8d9IKRbKMnuZdfPBAhfhfS0gZJxppO09IQtvjDVhz+9\niDYPACAhpOYRAAABAQDWlAMLaMaqf7X3SGSbkjCDKlzQyojvsmm0AOWWHN0sHygP\nupyBd1AXnrVL1k+hplEmF6Og9Mv2w1m40Ss3mXPIBa35GS0VLfodtM19r2D3tz1U\nu5Pa8dCFoU0bZziiNvH5AV47og5rnrmfe05f9EkOYceFoLi8FUsG4kcrJoicoAiY\nbCVuSnms9AtoPK7DdNIGPo+8cgmpanWe7Z4PsQYXOyjdUa44zfWpzdgU0S31o3Cy\nKynX725Q37Rd+iYyYImIb/Zl9qDVUrNrg8EBwxRLDk0TbTSwLCY9pFrz/mcyl79A\nzWus7cvlYI8+ArIMnnkGhY+Dc9MVRHupAn2AkjM4AAABAQD08uUOBWSAWlww0WMq\n1D/ddesJ2ENxjkf/Ta5MzKGgU56qNHlgI57sDIn8wnv6B55mQpnJsR298BLskZCF\nVEBEKagB20NiTlW8eXgtChy+IpxPg56A9W3mPDeJsi30CWjSj00XaSICDg98Kdo1\nc6GwEG0dLLODFu2nycaOagHSVNqLco821xo1zLsAJAsMZNpD32OuvvTP/Q/YEpt0\nCxUf0AUPO1i74AD2o5YCIuRfu65AOprtaGEWfj4aUMJ+thaHKxzYsSLH++R0+wZJ\nYvDrHjnr5vKMVWbJQ/98Iuejm6OnjvloJNDwnzhu6IWey1c1I/ppZ/gRR/SNZeaa\n6eQtAAABAQDjYR87KbUsJvITRpLiGtSqcHuWlvOLns4o1GWqvSM+/dmLdJsgegWX\ndV8j07hK+/lp4WEC2/i3KE4o8TK4Tald+bpGyMUCtOnya1b8Fl3GZfaT0/5PzSmM\nmajcD/hZpfqbC7o98D+yW+S634IzvP4F/HbcQ5XWCBh8s6y8Hg76aazpRefg3sfY\nDB96j1WRlCmQoA2dPQ9ZRtAi3B2tt+WIrWc7jcOpGt9eDDKazfgFvzPiObDe2eXo\nyvWhvdWjkEUWLQDoLKg83onCMqF1JPl60oQWf81TNep8KzridozrWJRhi5IWac3K\nYPuBLl3AIPwXRM2F6K2QSeXFLWSM1HSFAAAAAAEC\n-----END OPENSSH PRIVATE KEY-----\n",
            "private_key_pem": "-----BEGIN RSA PRIVATE KEY-----\nMIIJKQIBAAKCAgEA2ZBPBj635nFghB3b8G5CCIRlcBVdQUe4p+65E3QQrpOcq60H\nXQGjLiiqwym510gxa/ff0dLNJr7EEUrgfqbSWNyfNzwolTZmuBRJtVkoXiyNK7dr\nTj49GXfr2rVlWmVea2u9OYgqCpqj/rC3SJWTL+HyM1qgvvhY/hlH5RgeTcfe27QF\nI5y986qD6FAdm+oOwHsWNWjH4kDVSL0DDtJStn9MB2vM2PtX9g50zx6IyfAecG8+\nYdffRYEwY+wV3GnLM7eU0b1Hbj93N/gULrPiXwaKVKKvPw/vrxPVz5E5dFWGqpTz\nUIGM1D8zciu8a0vfB84t4dqHn7Ex47pheqSNgloJEt+ov0/a1rAz6KYo/Rg3pvhB\nVQ1oO3GU+/61RxwDpUixXhId1X1ByYzdSBOQ8kZcFkzSDq3iLHtYThDDY82dhXre\nN5nr7JHauFg0Mmf2TzUQEyd0IbMu0O20Dh1BJR58hSHO+Etd/2WJFp/QBw2t7GJl\nSibPC3MEhsJhuOmtStnZkhZBWLv2eKEEBc5vTz+NgwjaRvWCa0S+aUlf0fDZmjOX\nnN4Ej1cx1kgtVuD3oPaxgQ/D2qONXvMU9InqC0gX1ckWiEGoOGwEekGEZ/iQTNDi\nbwfEZoXyctkLRnZ6UX4/aypKTsmlR06t4I7osVxusu7hq5VCF2ysDggr72ECAwEA\nAQKCAgBQNs+cCtW85gJi06t6qvw3rbDEsWvPnMTtTav5Cyr3Yr854LK9TNRAOYg0\nKpc1U429NAfWkbVH2r/pbET3DUSytK0TLV/9G7Cln/1JGpUym5R1EMxEbdgTIs7X\ntVeoC4XTb0a2BokRndBnH/qDjXpWBiVJX9myb1hIX0PNqKXLoax+LpJSfgDe7Phz\nV86C5LoJp5gZmwdPWP4KMn4FIfCTDr4WYl2Fhq34r33Lu4NNiPWAGNPUOUY9lxMj\nVDD/MhZUfBQnfHTwpf+rqBCw42vMA1pPOCgKxTJmx5ZmUDHxvXLIQ+CtxwYIX0D1\nkECJAtE5TIBILE0iyK8POnGkSTVOswPxW/N/6YkiLlHjkTDzmPoMEhULNorIBZuT\nBsm42+4JhmHg1f+AjyR6dxGBsP8W4k1vfkxvhGiKUIJ6C7vlElCW13byXryGuatX\nDR9lBjo4W5z6LJ6KzYy9KjI7eKFR24hX3GFiY0eZM8yt+GOvM3TQ5/mlETEb08cj\nm2WpgPlbG1coX79Fw45x98h2DzceOVtXmN4NnMZWjqE/XmuKSEiMOLCiV34Fg5Q1\nu/OxaQQmS5RBpiEJMWBc2o3C1gdYxkinboiU5O0u52po9Rhop/2iJmkdvGPHfSCk\nWyjJ7mXXzwQIX4X0tIGScaaTtPSELb4w1Yc/vYg2DwAgIaTmEQKCAQEA9PLlDgVk\ngFpcMNFjKtQ/3XXrCdhDcY5H/02uTMyhoFOeqjR5YCOe7AyJ/MJ7+geeZkKZybEd\nvfAS7JGQhVRARCmoAdtDYk5VvHl4LQocviKcT4OegPVt5jw3ibIt9Alo0o9NF2ki\nAg4PfCnaNXOhsBBtHSyzgxbtp8nGjmoB0lTai3KPNtcaNcy7ACQLDGTaQ99jrr70\nz/0P2BKbdAsVH9AFDztYu+AA9qOWAiLkX7uuQDqa7WhhFn4+GlDCfrYWhysc2LEi\nx/vkdPsGSWLw6x456+byjFVmyUP/fCLno5ujp475aCTQ8J84buiFnstXNSP6aWf4\nEUf0jWXmmunkLQKCAQEA42EfOym1LCbyE0aS4hrUqnB7lpbzi57OKNRlqr0jPv3Z\ni3SbIHoFl3VfI9O4Svv5aeFhAtv4tyhOKPEyuE2pXfm6RsjFArTp8mtW/BZdxmX2\nk9P+T80pjJmo3A/4WaX6mwu6PfA/slvkut+CM7z+Bfx23EOV1ggYfLOsvB4O+mms\n6UXn4N7H2Awfeo9VkZQpkKANnT0PWUbQItwdrbfliK1nO43DqRrfXgwyms34Bb8z\n4jmw3tnl6Mr1ob3Vo5BFFi0A6CyoPN6JwjKhdST5etKEFn/NUzXqfCs64naM61iU\nYYuSFmnNymD7gS5dwCD8F0TNheitkEnlxS1kjNR0hQKCAQEAlOaepSJUEM5dInP2\no49470gCQ+7KONp0G9d98EOosMyENBVH/1BICFgq/ZLASKKfAKzVzcy0NsUcy+BF\nCTfJBWaJMe+3C6hw5+yzSDXQeSiS+qcZEG2hjAbo//RniOS7atwf0e5f9P3VHfZX\nJo0PKfciTUziJvsmJww6flIkn1Zjr8dJFd42maPFvXUrnjIkmIPQleaQ7Wp5WjEd\nfLJL+hW7LaI286ZdD5Er3EqXpzZw26yEh3MfKcw+NkMHqH1KPorPs04ixYzzOMVr\n8eqKZ3LtZOD0aqhznj+OrEiPpV40YuQ/6rYOqWcwqAMDTx9u+OfRDohcPS0PlXDv\neRZbVQKCAQANIAMUgDDUDp90m2NJJ/FUsU+A/s+qJI2T78a6l1ZcgXy4Pw/hTQnb\nl0vZnpQJyAe6o+bcqmPt9qakWF/sIZeANDUbduVgZZ8Hfki0HnplRGd6WwdYBei7\nE/eaVFWqnxkbMA8dGiwjGIjYfKRgZi1nnQ4jYsdYZnk7YYe8CCQnMkhn4sAiy9lP\nUEvU4Ec5Mws/LO38QJUNOzgyevA/odjfDdtipalArqtsG1okc3U4p7PQADKEeqF5\n0ZViM7oMSfyi7hAaVtGTSek7y35ka7D29QXo4pGwlvElH72zatJxl1hhVRQmtQ7K\n+tQpvcptl7nVggQ3EZpLNOjNe/RM6MqdAoIBAQDWlAMLaMaqf7X3SGSbkjCDKlzQ\nyojvsmm0AOWWHN0sHygPupyBd1AXnrVL1k+hplEmF6Og9Mv2w1m40Ss3mXPIBa35\nGS0VLfodtM19r2D3tz1Uu5Pa8dCFoU0bZziiNvH5AV47og5rnrmfe05f9EkOYceF\noLi8FUsG4kcrJoicoAiYbCVuSnms9AtoPK7DdNIGPo+8cgmpanWe7Z4PsQYXOyjd\nUa44zfWpzdgU0S31o3CyKynX725Q37Rd+iYyYImIb/Zl9qDVUrNrg8EBwxRLDk0T\nbTSwLCY9pFrz/mcyl79AzWus7cvlYI8+ArIMnnkGhY+Dc9MVRHupAn2AkjM4\n-----END RSA PRIVATE KEY-----\n",
            "private_key_pem_pkcs8": "-----BEGIN PRIVATE KEY-----\nMIIJQwIBADANBgkqhkiG9w0BAQEFAASCCS0wggkpAgEAAoICAQDZkE8GPrfmcWCE\nHdvwbkIIhGVwFV1BR7in7rkTdBCuk5yrrQddAaMuKKrDKbnXSDFr99/R0s0mvsQR\nSuB+ptJY3J83PCiVNma4FEm1WSheLI0rt2tOPj0Zd+vatWVaZV5ra705iCoKmqP+\nsLdIlZMv4fIzWqC++Fj+GUflGB5Nx97btAUjnL3zqoPoUB2b6g7AexY1aMfiQNVI\nvQMO0lK2f0wHa8zY+1f2DnTPHojJ8B5wbz5h199FgTBj7BXcacszt5TRvUduP3c3\n+BQus+JfBopUoq8/D++vE9XPkTl0VYaqlPNQgYzUPzNyK7xrS98Hzi3h2oefsTHj\numF6pI2CWgkS36i/T9rWsDPopij9GDem+EFVDWg7cZT7/rVHHAOlSLFeEh3VfUHJ\njN1IE5DyRlwWTNIOreIse1hOEMNjzZ2Fet43mevskdq4WDQyZ/ZPNRATJ3Qhsy7Q\n7bQOHUElHnyFIc74S13/ZYkWn9AHDa3sYmVKJs8LcwSGwmG46a1K2dmSFkFYu/Z4\noQQFzm9PP42DCNpG9YJrRL5pSV/R8NmaM5ec3gSPVzHWSC1W4Peg9rGBD8Pao41e\n8xT0ieoLSBfVyRaIQag4bAR6QYRn+JBM0OJvB8RmhfJy2QtGdnpRfj9rKkpOyaVH\nTq3gjuixXG6y7uGrlUIXbKwOCCvvYQIDAQABAoICAFA2z5wK1bzmAmLTq3qq/Det\nsMSxa8+cxO1Nq/kLKvdivzngsr1M1EA5iDQqlzVTjb00B9aRtUfav+lsRPcNRLK0\nrRMtX/0bsKWf/UkalTKblHUQzERt2BMizte1V6gLhdNvRrYGiRGd0Gcf+oONelYG\nJUlf2bJvWEhfQ82opcuhrH4uklJ+AN7s+HNXzoLkugmnmBmbB09Y/goyfgUh8JMO\nvhZiXYWGrfivfcu7g02I9YAY09Q5Rj2XEyNUMP8yFlR8FCd8dPCl/6uoELDja8wD\nWk84KArFMmbHlmZQMfG9cshD4K3HBghfQPWQQIkC0TlMgEgsTSLIrw86caRJNU6z\nA/Fb83/piSIuUeORMPOY+gwSFQs2isgFm5MGybjb7gmGYeDV/4CPJHp3EYGw/xbi\nTW9+TG+EaIpQgnoLu+USUJbXdvJevIa5q1cNH2UGOjhbnPosnorNjL0qMjt4oVHb\niFfcYWJjR5kzzK34Y68zdNDn+aURMRvTxyObZamA+VsbVyhfv0XDjnH3yHYPNx45\nW1eY3g2cxlaOoT9ea4pISIw4sKJXfgWDlDW787FpBCZLlEGmIQkxYFzajcLWB1jG\nSKduiJTk7S7namj1GGin/aImaR28Y8d9IKRbKMnuZdfPBAhfhfS0gZJxppO09IQt\nvjDVhz+9iDYPACAhpOYRAoIBAQD08uUOBWSAWlww0WMq1D/ddesJ2ENxjkf/Ta5M\nzKGgU56qNHlgI57sDIn8wnv6B55mQpnJsR298BLskZCFVEBEKagB20NiTlW8eXgt\nChy+IpxPg56A9W3mPDeJsi30CWjSj00XaSICDg98Kdo1c6GwEG0dLLODFu2nycaO\nagHSVNqLco821xo1zLsAJAsMZNpD32OuvvTP/Q/YEpt0CxUf0AUPO1i74AD2o5YC\nIuRfu65AOprtaGEWfj4aUMJ+thaHKxzYsSLH++R0+wZJYvDrHjnr5vKMVWbJQ/98\nIuejm6OnjvloJNDwnzhu6IWey1c1I/ppZ/gRR/SNZeaa6eQtAoIBAQDjYR87KbUs\nJvITRpLiGtSqcHuWlvOLns4o1GWqvSM+/dmLdJsgegWXdV8j07hK+/lp4WEC2/i3\nKE4o8TK4Tald+bpGyMUCtOnya1b8Fl3GZfaT0/5PzSmMmajcD/hZpfqbC7o98D+y\nW+S634IzvP4F/HbcQ5XWCBh8s6y8Hg76aazpRefg3sfYDB96j1WRlCmQoA2dPQ9Z\nRtAi3B2tt+WIrWc7jcOpGt9eDDKazfgFvzPiObDe2eXoyvWhvdWjkEUWLQDoLKg8\n3onCMqF1JPl60oQWf81TNep8KzridozrWJRhi5IWac3KYPuBLl3AIPwXRM2F6K2Q\nSeXFLWSM1HSFAoIBAQCU5p6lIlQQzl0ic/ajj3jvSAJD7so42nQb133wQ6iwzIQ0\nFUf/UEgIWCr9ksBIop8ArNXNzLQ2xRzL4EUJN8kFZokx77cLqHDn7LNINdB5KJL6\npxkQbaGMBuj/9GeI5Ltq3B/R7l/0/dUd9lcmjQ8p9yJNTOIm+yYnDDp+UiSfVmOv\nx0kV3jaZo8W9dSueMiSYg9CV5pDtanlaMR18skv6Fbstojbzpl0PkSvcSpenNnDb\nrISHcx8pzD42QweofUo+is+zTiLFjPM4xWvx6opncu1k4PRqqHOeP46sSI+lXjRi\n5D/qtg6pZzCoAwNPH27459EOiFw9LQ+VcO95FltVAoIBAA0gAxSAMNQOn3SbY0kn\n8VSxT4D+z6okjZPvxrqXVlyBfLg/D+FNCduXS9melAnIB7qj5tyqY+32pqRYX+wh\nl4A0NRt25WBlnwd+SLQeemVEZ3pbB1gF6LsT95pUVaqfGRswDx0aLCMYiNh8pGBm\nLWedDiNix1hmeTthh7wIJCcySGfiwCLL2U9QS9TgRzkzCz8s7fxAlQ07ODJ68D+h\n2N8N22KlqUCuq2wbWiRzdTins9AAMoR6oXnRlWIzugxJ/KLuEBpW0ZNJ6TvLfmRr\nsPb1BejikbCW8SUfvbNq0nGXWGFVFCa1Dsr61Cm9ym2XudWCBDcRmks06M179Ezo\nyp0CggEBANaUAwtoxqp/tfdIZJuSMIMqXNDKiO+yabQA5ZYc3SwfKA+6nIF3UBee\ntUvWT6GmUSYXo6D0y/bDWbjRKzeZc8gFrfkZLRUt+h20zX2vYPe3PVS7k9rx0IWh\nTRtnOKI28fkBXjuiDmueuZ97Tl/0SQ5hx4WguLwVSwbiRysmiJygCJhsJW5Keaz0\nC2g8rsN00gY+j7xyCalqdZ7tng+xBhc7KN1RrjjN9anN2BTRLfWjcLIrKdfvblDf\ntF36JjJgiYhv9mX2oNVSs2uDwQHDFEsOTRNtNLAsJj2kWvP+ZzKXv0DNa6zty+Vg\njz4CsgyeeQaFj4Nz0xVEe6kCfYCSMzg=\n-----END PRIVATE KEY-----\n",
            "public_key_fingerprint_md5": "07:7e:72:69:31:2d:19:26:ed:a4:c5:57:7c:5a:17:7e",
            "public_key_fingerprint_sha256": "SHA256:HZ4SlYsiKZQadroo+a5zuw+OhY6PzaODfNWMNsVo6Zw",
            "public_key_openssh": "ssh-rsa AAAAB3NzaC1yc2EAAAADAQABAAACAQDZkE8GPrfmcWCEHdvwbkIIhGVwFV1BR7in7rkTdBCuk5yrrQddAaMuKKrDKbnXSDFr99/R0s0mvsQRSuB+ptJY3J83PCiVNma4FEm1WSheLI0rt2tOPj0Zd+vatWVaZV5ra705iCoKmqP+sLdIlZMv4fIzWqC++Fj+GUflGB5Nx97btAUjnL3zqoPoUB2b6g7AexY1aMfiQNVIvQMO0lK2f0wHa8zY+1f2DnTPHojJ8B5wbz5h199FgTBj7BXcacszt5TRvUduP3c3+BQus+JfBopUoq8/D++vE9XPkTl0VYaqlPNQgYzUPzNyK7xrS98Hzi3h2oefsTHjumF6pI2CWgkS36i/T9rWsDPopij9GDem+EFVDWg7cZT7/rVHHAOlSLFeEh3VfUHJjN1IE5DyRlwWTNIOreIse1hOEMNjzZ2Fet43mevskdq4WDQyZ/ZPNRATJ3Qhsy7Q7bQOHUElHnyFIc74S13/ZYkWn9AHDa3sYmVKJs8LcwSGwmG46a1K2dmSFkFYu/Z4oQQFzm9PP42DCNpG9YJrRL5pSV/R8NmaM5ec3gSPVzHWSC1W4Peg9rGBD8Pao41e8xT0ieoLSBfVyRaIQag4bAR6QYRn+JBM0OJvB8RmhfJy2QtGdnpRfj9rKkpOyaVHTq3gjuixXG6y7uGrlUIXbKwOCCvvYQ==\n",
            "public_key_pem": "-----BEGIN PUBLIC KEY-----\nMIICIjANBgkqhkiG9w0BAQEFAAOCAg8AMIICCgKCAgEA2ZBPBj635nFghB3b8G5C\nCIRlcBVdQUe4p+65E3QQrpOcq60HXQGjLiiqwym510gxa/ff0dLNJr7EEUrgfqbS\nWNyfNzwolTZmuBRJtVkoXiyNK7drTj49GXfr2rVlWmVea2u9OYgqCpqj/rC3SJWT\nL+HyM1qgvvhY/hlH5RgeTcfe27QFI5y986qD6FAdm+oOwHsWNWjH4kDVSL0DDtJS\ntn9MB2vM2PtX9g50zx6IyfAecG8+YdffRYEwY+wV3GnLM7eU0b1Hbj93N/gULrPi\nXwaKVKKvPw/vrxPVz5E5dFWGqpTzUIGM1D8zciu8a0vfB84t4dqHn7Ex47pheqSN\ngloJEt+ov0/a1rAz6KYo/Rg3pvhBVQ1oO3GU+/61RxwDpUixXhId1X1ByYzdSBOQ\n8kZcFkzSDq3iLHtYThDDY82dhXreN5nr7JHauFg0Mmf2TzUQEyd0IbMu0O20Dh1B\nJR58hSHO+Etd/2WJFp/QBw2t7GJlSibPC3MEhsJhuOmtStnZkhZBWLv2eKEEBc5v\nTz+NgwjaRvWCa0S+aUlf0fDZmjOXnN4Ej1cx1kgtVuD3oPaxgQ/D2qONXvMU9Inq\nC0gX1ckWiEGoOGwEekGEZ/iQTNDibwfEZoXyctkLRnZ6UX4/aypKTsmlR06t4I7o\nsVxusu7hq5VCF2ysDggr72ECAwEAAQ==\n-----END PUBLIC KEY-----\n",
            "rsa_bits": 4096
          },
          "sensitive_attributes": [
            [
              {
                "type": "get_attr",
                "value": "private_key_pem"
              }
            ],
            [
              {
                "type": "get_attr",
                "value": "private_key_openssh"
              }
            ],
            [
              {
                "type": "get_attr",
                "value": "private_key_pem_pkcs8"
              }
            ]
          ]
        }
      ]
    },
    {
      "module": "module.security_group",
      "mode": "managed",
      "type": "aws_security_group",
      "name": "this_name_prefix",
      "provider": "provider[\"registry.terraform.io/hashicorp/aws\"]",
      "instances": [
        {
          "index_key": 0,
          "schema_version": 1,
          "attributes": {
            "arn": "arn:aws:ec2:us-east-1:302263043236:security-group/sg-06d15ad7235843dc6",
            "description": "Security group for example usage with EC2 instance",
            "egress": [],
            "id": "sg-06d15ad7235843dc6",
            "ingress": [],
            "name": "ex-myapp-20240827143041602200000008",
            "name_prefix": "ex-myapp-",
            "owner_id": "302263043236",
            "revoke_rules_on_delete": false,
            "tags": {
              "Example": "ex-myapp",
              "Name": "ex-myapp",
              "Repository": "https://github.com/terraform-aws-modules/terraform-aws-ec2-instance"
            },
            "tags_all": {
              "Example": "ex-myapp",
              "Name": "ex-myapp",
              "Repository": "https://github.com/terraform-aws-modules/terraform-aws-ec2-instance"
            },
            "timeouts": {
              "create": "10m",
              "delete": "15m"
            },
            "vpc_id": "vpc-03a3a0d0d0bfb1a8f"
          },
          "sensitive_attributes": [],
          "private": "eyJlMmJmYjczMC1lY2FhLTExZTYtOGY4OC0zNDM2M2JjN2M0YzAiOnsiY3JlYXRlIjo2MDAwMDAwMDAwMDAsImRlbGV0ZSI6OTAwMDAwMDAwMDAwfSwic2NoZW1hX3ZlcnNpb24iOiIxIn0=",
          "dependencies": [
            "module.vpc.aws_vpc.this"
          ],
          "create_before_destroy": true
        }
      ]
    },
    {
      "module": "module.security_group",
      "mode": "managed",
      "type": "aws_security_group_rule",
      "name": "egress_rules",
      "provider": "provider[\"registry.terraform.io/hashicorp/aws\"]",
      "instances": [
        {
          "index_key": 0,
          "schema_version": 2,
          "attributes": {
            "cidr_blocks": [
              "0.0.0.0/0"
            ],
            "description": "All protocols",
            "from_port": -1,
            "id": "sgrule-2497015538",
            "ipv6_cidr_blocks": [
              "::/0"
            ],
            "prefix_list_ids": [],
            "protocol": "-1",
            "security_group_id": "sg-06d15ad7235843dc6",
            "security_group_rule_id": "",
            "self": false,
            "source_security_group_id": null,
            "timeouts": null,
            "to_port": -1,
            "type": "egress"
          },
          "sensitive_attributes": [],
          "private": "eyJlMmJmYjczMC1lY2FhLTExZTYtOGY4OC0zNDM2M2JjN2M0YzAiOnsiY3JlYXRlIjozMDAwMDAwMDAwMDB9LCJzY2hlbWFfdmVyc2lvbiI6IjIifQ==",
          "dependencies": [
            "module.security_group.aws_security_group.this",
            "module.security_group.aws_security_group.this_name_prefix",
            "module.vpc.aws_vpc.this"
          ]
        }
      ]
    },
    {
      "module": "module.security_group",
      "mode": "managed",
      "type": "aws_security_group_rule",
      "name": "ingress_rules",
      "provider": "provider[\"registry.terraform.io/hashicorp/aws\"]",
      "instances": [
        {
          "index_key": 0,
          "schema_version": 2,
          "attributes": {
            "cidr_blocks": [
              "0.0.0.0/0"
            ],
            "description": "HTTP",
            "from_port": 80,
            "id": "sgrule-3350874167",
            "ipv6_cidr_blocks": [],
            "prefix_list_ids": [],
            "protocol": "tcp",
            "security_group_id": "sg-06d15ad7235843dc6",
            "security_group_rule_id": "sgr-0546fe8539bbdab0c",
            "self": false,
            "source_security_group_id": null,
            "timeouts": null,
            "to_port": 80,
            "type": "ingress"
          },
          "sensitive_attributes": [],
          "private": "eyJlMmJmYjczMC1lY2FhLTExZTYtOGY4OC0zNDM2M2JjN2M0YzAiOnsiY3JlYXRlIjozMDAwMDAwMDAwMDB9LCJzY2hlbWFfdmVyc2lvbiI6IjIifQ==",
          "dependencies": [
            "module.security_group.aws_security_group.this",
            "module.security_group.aws_security_group.this_name_prefix",
            "module.vpc.aws_vpc.this"
          ]
        },
        {
          "index_key": 1,
          "schema_version": 2,
          "attributes": {
            "cidr_blocks": [
              "0.0.0.0/0"
            ],
            "description": "All IPV4 ICMP",
            "from_port": -1,
            "id": "sgrule-2787868071",
            "ipv6_cidr_blocks": [],
            "prefix_list_ids": [],
            "protocol": "icmp",
            "security_group_id": "sg-06d15ad7235843dc6",
            "security_group_rule_id": "sgr-08e0a7afbf954ffbc",
            "self": false,
            "source_security_group_id": null,
            "timeouts": null,
            "to_port": -1,
            "type": "ingress"
          },
          "sensitive_attributes": [],
          "private": "eyJlMmJmYjczMC1lY2FhLTExZTYtOGY4OC0zNDM2M2JjN2M0YzAiOnsiY3JlYXRlIjozMDAwMDAwMDAwMDB9LCJzY2hlbWFfdmVyc2lvbiI6IjIifQ==",
          "dependencies": [
            "module.security_group.aws_security_group.this",
            "module.security_group.aws_security_group.this_name_prefix",
            "module.vpc.aws_vpc.this"
          ]
        }
      ]
    },
    {
      "module": "module.vpc",
      "mode": "managed",
      "type": "aws_default_network_acl",
      "name": "this",
      "provider": "provider[\"registry.terraform.io/hashicorp/aws\"]",
      "instances": [
        {
          "index_key": 0,
          "schema_version": 0,
          "attributes": {
            "arn": "arn:aws:ec2:us-east-1:302263043236:network-acl/acl-056899a1ba7b87591",
            "default_network_acl_id": "acl-056899a1ba7b87591",
            "egress": [
              {
                "action": "allow",
                "cidr_block": "",
                "from_port": 0,
                "icmp_code": null,
                "icmp_type": null,
                "ipv6_cidr_block": "::/0",
                "protocol": "-1",
                "rule_no": 101,
                "to_port": 0
              },
              {
                "action": "allow",
                "cidr_block": "0.0.0.0/0",
                "from_port": 0,
                "icmp_code": null,
                "icmp_type": null,
                "ipv6_cidr_block": "",
                "protocol": "-1",
                "rule_no": 100,
                "to_port": 0
              }
            ],
            "id": "acl-056899a1ba7b87591",
            "ingress": [
              {
                "action": "allow",
                "cidr_block": "",
                "from_port": 0,
                "icmp_code": null,
                "icmp_type": null,
                "ipv6_cidr_block": "::/0",
                "protocol": "-1",
                "rule_no": 101,
                "to_port": 0
              },
              {
                "action": "allow",
                "cidr_block": "0.0.0.0/0",
                "from_port": 0,
                "icmp_code": null,
                "icmp_type": null,
                "ipv6_cidr_block": "",
                "protocol": "-1",
                "rule_no": 100,
                "to_port": 0
              }
            ],
            "owner_id": "302263043236",
            "subnet_ids": [
              "subnet-043f3789ff8565cbd",
              "subnet-0456fa8f45a35bb60",
              "subnet-04624d7131d4ed8b6",
              "subnet-07e4680031d2ee998",
              "subnet-09ed37e8471611552",
              "subnet-0c7dd28249253ba01"
            ],
            "tags": {
              "Example": "ex-myapp",
              "Name": "ex-myapp",
              "Repository": "https://github.com/terraform-aws-modules/terraform-aws-ec2-instance"
            },
            "tags_all": {
              "Example": "ex-myapp",
              "Name": "ex-myapp",
              "Repository": "https://github.com/terraform-aws-modules/terraform-aws-ec2-instance"
            },
            "vpc_id": "vpc-03a3a0d0d0bfb1a8f"
          },
          "sensitive_attributes": [],
          "private": "bnVsbA==",
          "dependencies": [
            "module.vpc.aws_vpc.this"
          ]
        }
      ]
    },
    {
      "module": "module.vpc",
      "mode": "managed",
      "type": "aws_default_route_table",
      "name": "default",
      "provider": "provider[\"registry.terraform.io/hashicorp/aws\"]",
      "instances": [
        {
          "index_key": 0,
          "schema_version": 0,
          "attributes": {
            "arn": "arn:aws:ec2:us-east-1:302263043236:route-table/rtb-05d971763248b575b",
            "default_route_table_id": "rtb-05d971763248b575b",
            "id": "rtb-05d971763248b575b",
            "owner_id": "302263043236",
            "propagating_vgws": null,
            "route": [],
            "tags": {
              "Example": "ex-myapp",
              "Name": "ex-myapp",
              "Repository": "https://github.com/terraform-aws-modules/terraform-aws-ec2-instance"
            },
            "tags_all": {
              "Example": "ex-myapp",
              "Name": "ex-myapp",
              "Repository": "https://github.com/terraform-aws-modules/terraform-aws-ec2-instance"
            },
            "timeouts": {
              "create": "5m",
              "update": "5m"
            },
            "vpc_id": "vpc-03a3a0d0d0bfb1a8f"
          },
          "sensitive_attributes": [],
          "private": "eyJlMmJmYjczMC1lY2FhLTExZTYtOGY4OC0zNDM2M2JjN2M0YzAiOnsiY3JlYXRlIjozMDAwMDAwMDAwMDAsInVwZGF0ZSI6MzAwMDAwMDAwMDAwfX0=",
          "dependencies": [
            "module.vpc.aws_vpc.this"
          ]
        }
      ]
    },
    {
      "module": "module.vpc",
      "mode": "managed",
      "type": "aws_default_security_group",
      "name": "this",
      "provider": "provider[\"registry.terraform.io/hashicorp/aws\"]",
      "instances": [
        {
          "index_key": 0,
          "schema_version": 1,
          "attributes": {
            "arn": "arn:aws:ec2:us-east-1:302263043236:security-group/sg-021601a7e388d85c8",
            "description": "default VPC security group",
            "egress": [],
            "id": "sg-021601a7e388d85c8",
            "ingress": [],
            "name": "default",
            "name_prefix": "",
            "owner_id": "302263043236",
            "revoke_rules_on_delete": false,
            "tags": {
              "Example": "ex-myapp",
              "Name": "ex-myapp",
              "Repository": "https://github.com/terraform-aws-modules/terraform-aws-ec2-instance"
            },
            "tags_all": {
              "Example": "ex-myapp",
              "Name": "ex-myapp",
              "Repository": "https://github.com/terraform-aws-modules/terraform-aws-ec2-instance"
            },
            "vpc_id": "vpc-03a3a0d0d0bfb1a8f"
          },
          "sensitive_attributes": [],
          "private": "eyJzY2hlbWFfdmVyc2lvbiI6IjEifQ==",
          "dependencies": [
            "module.vpc.aws_vpc.this"
          ]
        }
      ]
    },
    {
      "module": "module.vpc",
      "mode": "managed",
      "type": "aws_internet_gateway",
      "name": "this",
      "provider": "provider[\"registry.terraform.io/hashicorp/aws\"]",
      "instances": [
        {
          "index_key": 0,
          "schema_version": 0,
          "attributes": {
            "arn": "arn:aws:ec2:us-east-1:302263043236:internet-gateway/igw-0c629156f877de174",
            "id": "igw-0c629156f877de174",
            "owner_id": "302263043236",
            "tags": {
              "Example": "ex-myapp",
              "Name": "ex-myapp",
              "Repository": "https://github.com/terraform-aws-modules/terraform-aws-ec2-instance"
            },
            "tags_all": {
              "Example": "ex-myapp",
              "Name": "ex-myapp",
              "Repository": "https://github.com/terraform-aws-modules/terraform-aws-ec2-instance"
            },
            "timeouts": null,
            "vpc_id": "vpc-03a3a0d0d0bfb1a8f"
          },
          "sensitive_attributes": [],
          "private": "eyJlMmJmYjczMC1lY2FhLTExZTYtOGY4OC0zNDM2M2JjN2M0YzAiOnsiY3JlYXRlIjoxMjAwMDAwMDAwMDAwLCJkZWxldGUiOjEyMDAwMDAwMDAwMDAsInVwZGF0ZSI6MTIwMDAwMDAwMDAwMH19",
          "dependencies": [
            "data.aws_availability_zones.available",
            "module.vpc.aws_vpc.this",
            "module.vpc.aws_vpc_ipv4_cidr_block_association.this"
          ]
        }
      ]
    },
    {
      "module": "module.vpc",
      "mode": "managed",
      "type": "aws_route",
      "name": "public_internet_gateway",
      "provider": "provider[\"registry.terraform.io/hashicorp/aws\"]",
      "instances": [
        {
          "index_key": 0,
          "schema_version": 0,
          "attributes": {
            "carrier_gateway_id": "",
            "core_network_arn": "",
            "destination_cidr_block": "0.0.0.0/0",
            "destination_ipv6_cidr_block": "",
            "destination_prefix_list_id": "",
            "egress_only_gateway_id": "",
            "gateway_id": "igw-0c629156f877de174",
            "id": "r-rtb-0de65638abc14a5421080289494",
            "instance_id": "",
            "instance_owner_id": "",
            "local_gateway_id": "",
            "nat_gateway_id": "",
            "network_interface_id": "",
            "origin": "CreateRoute",
            "route_table_id": "rtb-0de65638abc14a542",
            "state": "active",
            "timeouts": {
              "create": "5m",
              "delete": null,
              "update": null
            },
            "transit_gateway_id": "",
            "vpc_endpoint_id": "",
            "vpc_peering_connection_id": ""
          },
          "sensitive_attributes": [],
          "private": "eyJlMmJmYjczMC1lY2FhLTExZTYtOGY4OC0zNDM2M2JjN2M0YzAiOnsiY3JlYXRlIjozMDAwMDAwMDAwMDAsImRlbGV0ZSI6MzAwMDAwMDAwMDAwLCJ1cGRhdGUiOjEyMDAwMDAwMDAwMH19",
          "dependencies": [
            "data.aws_availability_zones.available",
            "module.vpc.aws_internet_gateway.this",
            "module.vpc.aws_route_table.public",
            "module.vpc.aws_vpc.this",
            "module.vpc.aws_vpc_ipv4_cidr_block_association.this"
          ]
        }
      ]
    },
    {
      "module": "module.vpc",
      "mode": "managed",
      "type": "aws_route_table",
      "name": "private",
      "provider": "provider[\"registry.terraform.io/hashicorp/aws\"]",
      "instances": [
        {
          "index_key": 0,
          "schema_version": 0,
          "attributes": {
            "arn": "arn:aws:ec2:us-east-1:302263043236:route-table/rtb-0b83dec57296fe176",
            "id": "rtb-0b83dec57296fe176",
            "owner_id": "302263043236",
            "propagating_vgws": [],
            "route": [],
            "tags": {
              "Example": "ex-myapp",
              "Name": "ex-myapp",
              "Repository": "https://github.com/terraform-aws-modules/terraform-aws-ec2-instance"
            },
            "tags_all": {
              "Example": "ex-myapp",
              "Name": "ex-myapp",
              "Repository": "https://github.com/terraform-aws-modules/terraform-aws-ec2-instance"
            },
            "timeouts": null,
            "vpc_id": "vpc-03a3a0d0d0bfb1a8f"
          },
          "sensitive_attributes": [],
          "private": "eyJlMmJmYjczMC1lY2FhLTExZTYtOGY4OC0zNDM2M2JjN2M0YzAiOnsiY3JlYXRlIjozMDAwMDAwMDAwMDAsImRlbGV0ZSI6MzAwMDAwMDAwMDAwLCJ1cGRhdGUiOjEyMDAwMDAwMDAwMH19",
          "dependencies": [
            "data.aws_availability_zones.available",
            "module.vpc.aws_vpc.this",
            "module.vpc.aws_vpc_ipv4_cidr_block_association.this"
          ]
        },
        {
          "index_key": 1,
          "schema_version": 0,
          "attributes": {
            "arn": "arn:aws:ec2:us-east-1:302263043236:route-table/rtb-02ac0d944c56aa554",
            "id": "rtb-02ac0d944c56aa554",
            "owner_id": "302263043236",
            "propagating_vgws": [],
            "route": [],
            "tags": {
              "Example": "ex-myapp",
              "Name": "ex-myapp",
              "Repository": "https://github.com/terraform-aws-modules/terraform-aws-ec2-instance"
            },
            "tags_all": {
              "Example": "ex-myapp",
              "Name": "ex-myapp",
              "Repository": "https://github.com/terraform-aws-modules/terraform-aws-ec2-instance"
            },
            "timeouts": null,
            "vpc_id": "vpc-03a3a0d0d0bfb1a8f"
          },
          "sensitive_attributes": [],
          "private": "eyJlMmJmYjczMC1lY2FhLTExZTYtOGY4OC0zNDM2M2JjN2M0YzAiOnsiY3JlYXRlIjozMDAwMDAwMDAwMDAsImRlbGV0ZSI6MzAwMDAwMDAwMDAwLCJ1cGRhdGUiOjEyMDAwMDAwMDAwMH19",
          "dependencies": [
            "data.aws_availability_zones.available",
            "module.vpc.aws_vpc.this",
            "module.vpc.aws_vpc_ipv4_cidr_block_association.this"
          ]
        },
        {
          "index_key": 2,
          "schema_version": 0,
          "attributes": {
            "arn": "arn:aws:ec2:us-east-1:302263043236:route-table/rtb-0dca55925eb0778c2",
            "id": "rtb-0dca55925eb0778c2",
            "owner_id": "302263043236",
            "propagating_vgws": [],
            "route": [],
            "tags": {
              "Example": "ex-myapp",
              "Name": "ex-myapp",
              "Repository": "https://github.com/terraform-aws-modules/terraform-aws-ec2-instance"
            },
            "tags_all": {
              "Example": "ex-myapp",
              "Name": "ex-myapp",
              "Repository": "https://github.com/terraform-aws-modules/terraform-aws-ec2-instance"
            },
            "timeouts": null,
            "vpc_id": "vpc-03a3a0d0d0bfb1a8f"
          },
          "sensitive_attributes": [],
          "private": "eyJlMmJmYjczMC1lY2FhLTExZTYtOGY4OC0zNDM2M2JjN2M0YzAiOnsiY3JlYXRlIjozMDAwMDAwMDAwMDAsImRlbGV0ZSI6MzAwMDAwMDAwMDAwLCJ1cGRhdGUiOjEyMDAwMDAwMDAwMH19",
          "dependencies": [
            "data.aws_availability_zones.available",
            "module.vpc.aws_vpc.this",
            "module.vpc.aws_vpc_ipv4_cidr_block_association.this"
          ]
        }
      ]
    },
    {
      "module": "module.vpc",
      "mode": "managed",
      "type": "aws_route_table",
      "name": "public",
      "provider": "provider[\"registry.terraform.io/hashicorp/aws\"]",
      "instances": [
        {
          "index_key": 0,
          "schema_version": 0,
          "attributes": {
            "arn": "arn:aws:ec2:us-east-1:302263043236:route-table/rtb-0de65638abc14a542",
            "id": "rtb-0de65638abc14a542",
            "owner_id": "302263043236",
            "propagating_vgws": [],
            "route": [],
            "tags": {
              "Example": "ex-myapp",
              "Name": "ex-myapp",
              "Repository": "https://github.com/terraform-aws-modules/terraform-aws-ec2-instance"
            },
            "tags_all": {
              "Example": "ex-myapp",
              "Name": "ex-myapp",
              "Repository": "https://github.com/terraform-aws-modules/terraform-aws-ec2-instance"
            },
            "timeouts": null,
            "vpc_id": "vpc-03a3a0d0d0bfb1a8f"
          },
          "sensitive_attributes": [],
          "private": "eyJlMmJmYjczMC1lY2FhLTExZTYtOGY4OC0zNDM2M2JjN2M0YzAiOnsiY3JlYXRlIjozMDAwMDAwMDAwMDAsImRlbGV0ZSI6MzAwMDAwMDAwMDAwLCJ1cGRhdGUiOjEyMDAwMDAwMDAwMH19",
          "dependencies": [
            "data.aws_availability_zones.available",
            "module.vpc.aws_vpc.this",
            "module.vpc.aws_vpc_ipv4_cidr_block_association.this"
          ]
        }
      ]
    },
    {
      "module": "module.vpc",
      "mode": "managed",
      "type": "aws_route_table_association",
      "name": "private",
      "provider": "provider[\"registry.terraform.io/hashicorp/aws\"]",
      "instances": [
        {
          "index_key": 0,
          "schema_version": 0,
          "attributes": {
            "gateway_id": "",
            "id": "rtbassoc-0a47bffbc5dd1d3d3",
            "route_table_id": "rtb-0b83dec57296fe176",
            "subnet_id": "subnet-07e4680031d2ee998",
            "timeouts": null
          },
          "sensitive_attributes": [],
          "private": "eyJlMmJmYjczMC1lY2FhLTExZTYtOGY4OC0zNDM2M2JjN2M0YzAiOnsiY3JlYXRlIjozMDAwMDAwMDAwMDAsImRlbGV0ZSI6MzAwMDAwMDAwMDAwLCJ1cGRhdGUiOjEyMDAwMDAwMDAwMH19",
          "dependencies": [
            "data.aws_availability_zones.available",
            "module.vpc.aws_route_table.private",
            "module.vpc.aws_subnet.private",
            "module.vpc.aws_vpc.this",
            "module.vpc.aws_vpc_ipv4_cidr_block_association.this"
          ]
        },
        {
          "index_key": 1,
          "schema_version": 0,
          "attributes": {
            "gateway_id": "",
            "id": "rtbassoc-0993476d0b3c711a4",
            "route_table_id": "rtb-02ac0d944c56aa554",
            "subnet_id": "subnet-0c7dd28249253ba01",
            "timeouts": null
          },
          "sensitive_attributes": [],
          "private": "eyJlMmJmYjczMC1lY2FhLTExZTYtOGY4OC0zNDM2M2JjN2M0YzAiOnsiY3JlYXRlIjozMDAwMDAwMDAwMDAsImRlbGV0ZSI6MzAwMDAwMDAwMDAwLCJ1cGRhdGUiOjEyMDAwMDAwMDAwMH19",
          "dependencies": [
            "data.aws_availability_zones.available",
            "module.vpc.aws_route_table.private",
            "module.vpc.aws_subnet.private",
            "module.vpc.aws_vpc.this",
            "module.vpc.aws_vpc_ipv4_cidr_block_association.this"
          ]
        },
        {
          "index_key": 2,
          "schema_version": 0,
          "attributes": {
            "gateway_id": "",
            "id": "rtbassoc-0ae38a76488e5dfd4",
            "route_table_id": "rtb-0dca55925eb0778c2",
            "subnet_id": "subnet-043f3789ff8565cbd",
            "timeouts": null
          },
          "sensitive_attributes": [],
          "private": "eyJlMmJmYjczMC1lY2FhLTExZTYtOGY4OC0zNDM2M2JjN2M0YzAiOnsiY3JlYXRlIjozMDAwMDAwMDAwMDAsImRlbGV0ZSI6MzAwMDAwMDAwMDAwLCJ1cGRhdGUiOjEyMDAwMDAwMDAwMH19",
          "dependencies": [
            "data.aws_availability_zones.available",
            "module.vpc.aws_route_table.private",
            "module.vpc.aws_subnet.private",
            "module.vpc.aws_vpc.this",
            "module.vpc.aws_vpc_ipv4_cidr_block_association.this"
          ]
        }
      ]
    },
    {
      "module": "module.vpc",
      "mode": "managed",
      "type": "aws_route_table_association",
      "name": "public",
      "provider": "provider[\"registry.terraform.io/hashicorp/aws\"]",
      "instances": [
        {
          "index_key": 0,
          "schema_version": 0,
          "attributes": {
            "gateway_id": "",
            "id": "rtbassoc-00bcbe7ad9fb96e5e",
            "route_table_id": "rtb-0de65638abc14a542",
            "subnet_id": "subnet-0456fa8f45a35bb60",
            "timeouts": null
          },
          "sensitive_attributes": [],
          "private": "eyJlMmJmYjczMC1lY2FhLTExZTYtOGY4OC0zNDM2M2JjN2M0YzAiOnsiY3JlYXRlIjozMDAwMDAwMDAwMDAsImRlbGV0ZSI6MzAwMDAwMDAwMDAwLCJ1cGRhdGUiOjEyMDAwMDAwMDAwMH19",
          "dependencies": [
            "data.aws_availability_zones.available",
            "module.vpc.aws_route_table.public",
            "module.vpc.aws_subnet.public",
            "module.vpc.aws_vpc.this",
            "module.vpc.aws_vpc_ipv4_cidr_block_association.this"
          ]
        },
        {
          "index_key": 1,
          "schema_version": 0,
          "attributes": {
            "gateway_id": "",
            "id": "rtbassoc-073f9582b4fab999f",
            "route_table_id": "rtb-0de65638abc14a542",
            "subnet_id": "subnet-04624d7131d4ed8b6",
            "timeouts": null
          },
          "sensitive_attributes": [],
          "private": "eyJlMmJmYjczMC1lY2FhLTExZTYtOGY4OC0zNDM2M2JjN2M0YzAiOnsiY3JlYXRlIjozMDAwMDAwMDAwMDAsImRlbGV0ZSI6MzAwMDAwMDAwMDAwLCJ1cGRhdGUiOjEyMDAwMDAwMDAwMH19",
          "dependencies": [
            "data.aws_availability_zones.available",
            "module.vpc.aws_route_table.public",
            "module.vpc.aws_subnet.public",
            "module.vpc.aws_vpc.this",
            "module.vpc.aws_vpc_ipv4_cidr_block_association.this"
          ]
        },
        {
          "index_key": 2,
          "schema_version": 0,
          "attributes": {
            "gateway_id": "",
            "id": "rtbassoc-09d4bfdf38d286609",
            "route_table_id": "rtb-0de65638abc14a542",
            "subnet_id": "subnet-09ed37e8471611552",
            "timeouts": null
          },
          "sensitive_attributes": [],
          "private": "eyJlMmJmYjczMC1lY2FhLTExZTYtOGY4OC0zNDM2M2JjN2M0YzAiOnsiY3JlYXRlIjozMDAwMDAwMDAwMDAsImRlbGV0ZSI6MzAwMDAwMDAwMDAwLCJ1cGRhdGUiOjEyMDAwMDAwMDAwMH19",
          "dependencies": [
            "data.aws_availability_zones.available",
            "module.vpc.aws_route_table.public",
            "module.vpc.aws_subnet.public",
            "module.vpc.aws_vpc.this",
            "module.vpc.aws_vpc_ipv4_cidr_block_association.this"
          ]
        }
      ]
    },
    {
      "module": "module.vpc",
      "mode": "managed",
      "type": "aws_subnet",
      "name": "private",
      "provider": "provider[\"registry.terraform.io/hashicorp/aws\"]",
      "instances": [
        {
          "index_key": 0,
          "schema_version": 1,
          "attributes": {
            "arn": "arn:aws:ec2:us-east-1:302263043236:subnet/subnet-07e4680031d2ee998",
            "assign_ipv6_address_on_creation": false,
            "availability_zone": "us-east-1a",
            "availability_zone_id": "use1-az4",
            "cidr_block": "10.0.0.0/20",
            "customer_owned_ipv4_pool": "",
            "enable_dns64": false,
            "enable_lni_at_device_index": 0,
            "enable_resource_name_dns_a_record_on_launch": false,
            "enable_resource_name_dns_aaaa_record_on_launch": false,
            "id": "subnet-07e4680031d2ee998",
            "ipv6_cidr_block": "",
            "ipv6_cidr_block_association_id": "",
            "ipv6_native": false,
            "map_customer_owned_ip_on_launch": false,
            "map_public_ip_on_launch": false,
            "outpost_arn": "",
            "owner_id": "302263043236",
            "private_dns_hostname_type_on_launch": "ip-name",
            "tags": {
              "Example": "ex-myapp",
              "Name": "ex-myapp",
              "Repository": "https://github.com/terraform-aws-modules/terraform-aws-ec2-instance"
            },
            "tags_all": {
              "Example": "ex-myapp",
              "Name": "ex-myapp",
              "Repository": "https://github.com/terraform-aws-modules/terraform-aws-ec2-instance"
            },
            "timeouts": null,
            "vpc_id": "vpc-03a3a0d0d0bfb1a8f"
          },
          "sensitive_attributes": [],
          "private": "eyJlMmJmYjczMC1lY2FhLTExZTYtOGY4OC0zNDM2M2JjN2M0YzAiOnsiY3JlYXRlIjo2MDAwMDAwMDAwMDAsImRlbGV0ZSI6MTIwMDAwMDAwMDAwMH0sInNjaGVtYV92ZXJzaW9uIjoiMSJ9",
          "dependencies": [
            "data.aws_availability_zones.available",
            "module.vpc.aws_vpc.this",
            "module.vpc.aws_vpc_ipv4_cidr_block_association.this"
          ]
        },
        {
          "index_key": 1,
          "schema_version": 1,
          "attributes": {
            "arn": "arn:aws:ec2:us-east-1:302263043236:subnet/subnet-0c7dd28249253ba01",
            "assign_ipv6_address_on_creation": false,
            "availability_zone": "us-east-1b",
            "availability_zone_id": "use1-az6",
            "cidr_block": "10.0.16.0/20",
            "customer_owned_ipv4_pool": "",
            "enable_dns64": false,
            "enable_lni_at_device_index": 0,
            "enable_resource_name_dns_a_record_on_launch": false,
            "enable_resource_name_dns_aaaa_record_on_launch": false,
            "id": "subnet-0c7dd28249253ba01",
            "ipv6_cidr_block": "",
            "ipv6_cidr_block_association_id": "",
            "ipv6_native": false,
            "map_customer_owned_ip_on_launch": false,
            "map_public_ip_on_launch": false,
            "outpost_arn": "",
            "owner_id": "302263043236",
            "private_dns_hostname_type_on_launch": "ip-name",
            "tags": {
              "Example": "ex-myapp",
              "Name": "ex-myapp",
              "Repository": "https://github.com/terraform-aws-modules/terraform-aws-ec2-instance"
            },
            "tags_all": {
              "Example": "ex-myapp",
              "Name": "ex-myapp",
              "Repository": "https://github.com/terraform-aws-modules/terraform-aws-ec2-instance"
            },
            "timeouts": null,
            "vpc_id": "vpc-03a3a0d0d0bfb1a8f"
          },
          "sensitive_attributes": [],
          "private": "eyJlMmJmYjczMC1lY2FhLTExZTYtOGY4OC0zNDM2M2JjN2M0YzAiOnsiY3JlYXRlIjo2MDAwMDAwMDAwMDAsImRlbGV0ZSI6MTIwMDAwMDAwMDAwMH0sInNjaGVtYV92ZXJzaW9uIjoiMSJ9",
          "dependencies": [
            "data.aws_availability_zones.available",
            "module.vpc.aws_vpc.this",
            "module.vpc.aws_vpc_ipv4_cidr_block_association.this"
          ]
        },
        {
          "index_key": 2,
          "schema_version": 1,
          "attributes": {
            "arn": "arn:aws:ec2:us-east-1:302263043236:subnet/subnet-043f3789ff8565cbd",
            "assign_ipv6_address_on_creation": false,
            "availability_zone": "us-east-1c",
            "availability_zone_id": "use1-az1",
            "cidr_block": "10.0.32.0/20",
            "customer_owned_ipv4_pool": "",
            "enable_dns64": false,
            "enable_lni_at_device_index": 0,
            "enable_resource_name_dns_a_record_on_launch": false,
            "enable_resource_name_dns_aaaa_record_on_launch": false,
            "id": "subnet-043f3789ff8565cbd",
            "ipv6_cidr_block": "",
            "ipv6_cidr_block_association_id": "",
            "ipv6_native": false,
            "map_customer_owned_ip_on_launch": false,
            "map_public_ip_on_launch": false,
            "outpost_arn": "",
            "owner_id": "302263043236",
            "private_dns_hostname_type_on_launch": "ip-name",
            "tags": {
              "Example": "ex-myapp",
              "Name": "ex-myapp",
              "Repository": "https://github.com/terraform-aws-modules/terraform-aws-ec2-instance"
            },
            "tags_all": {
              "Example": "ex-myapp",
              "Name": "ex-myapp",
              "Repository": "https://github.com/terraform-aws-modules/terraform-aws-ec2-instance"
            },
            "timeouts": null,
            "vpc_id": "vpc-03a3a0d0d0bfb1a8f"
          },
          "sensitive_attributes": [],
          "private": "eyJlMmJmYjczMC1lY2FhLTExZTYtOGY4OC0zNDM2M2JjN2M0YzAiOnsiY3JlYXRlIjo2MDAwMDAwMDAwMDAsImRlbGV0ZSI6MTIwMDAwMDAwMDAwMH0sInNjaGVtYV92ZXJzaW9uIjoiMSJ9",
          "dependencies": [
            "data.aws_availability_zones.available",
            "module.vpc.aws_vpc.this",
            "module.vpc.aws_vpc_ipv4_cidr_block_association.this"
          ]
        }
      ]
    },
    {
      "module": "module.vpc",
      "mode": "managed",
      "type": "aws_subnet",
      "name": "public",
      "provider": "provider[\"registry.terraform.io/hashicorp/aws\"]",
      "instances": [
        {
          "index_key": 0,
          "schema_version": 1,
          "attributes": {
            "arn": "arn:aws:ec2:us-east-1:302263043236:subnet/subnet-0456fa8f45a35bb60",
            "assign_ipv6_address_on_creation": false,
            "availability_zone": "us-east-1a",
            "availability_zone_id": "use1-az4",
            "cidr_block": "10.0.48.0/24",
            "customer_owned_ipv4_pool": "",
            "enable_dns64": false,
            "enable_lni_at_device_index": 0,
            "enable_resource_name_dns_a_record_on_launch": false,
            "enable_resource_name_dns_aaaa_record_on_launch": false,
            "id": "subnet-0456fa8f45a35bb60",
            "ipv6_cidr_block": "",
            "ipv6_cidr_block_association_id": "",
            "ipv6_native": false,
            "map_customer_owned_ip_on_launch": false,
            "map_public_ip_on_launch": false,
            "outpost_arn": "",
            "owner_id": "302263043236",
            "private_dns_hostname_type_on_launch": "ip-name",
            "tags": {
              "Example": "ex-myapp",
              "Name": "ex-myapp",
              "Repository": "https://github.com/terraform-aws-modules/terraform-aws-ec2-instance"
            },
            "tags_all": {
              "Example": "ex-myapp",
              "Name": "ex-myapp",
              "Repository": "https://github.com/terraform-aws-modules/terraform-aws-ec2-instance"
            },
            "timeouts": null,
            "vpc_id": "vpc-03a3a0d0d0bfb1a8f"
          },
          "sensitive_attributes": [],
          "private": "eyJlMmJmYjczMC1lY2FhLTExZTYtOGY4OC0zNDM2M2JjN2M0YzAiOnsiY3JlYXRlIjo2MDAwMDAwMDAwMDAsImRlbGV0ZSI6MTIwMDAwMDAwMDAwMH0sInNjaGVtYV92ZXJzaW9uIjoiMSJ9",
          "dependencies": [
            "data.aws_availability_zones.available",
            "module.vpc.aws_vpc.this",
            "module.vpc.aws_vpc_ipv4_cidr_block_association.this"
          ]
        },
        {
          "index_key": 1,
          "schema_version": 1,
          "attributes": {
            "arn": "arn:aws:ec2:us-east-1:302263043236:subnet/subnet-04624d7131d4ed8b6",
            "assign_ipv6_address_on_creation": false,
            "availability_zone": "us-east-1b",
            "availability_zone_id": "use1-az6",
            "cidr_block": "10.0.49.0/24",
            "customer_owned_ipv4_pool": "",
            "enable_dns64": false,
            "enable_lni_at_device_index": 0,
            "enable_resource_name_dns_a_record_on_launch": false,
            "enable_resource_name_dns_aaaa_record_on_launch": false,
            "id": "subnet-04624d7131d4ed8b6",
            "ipv6_cidr_block": "",
            "ipv6_cidr_block_association_id": "",
            "ipv6_native": false,
            "map_customer_owned_ip_on_launch": false,
            "map_public_ip_on_launch": false,
            "outpost_arn": "",
            "owner_id": "302263043236",
            "private_dns_hostname_type_on_launch": "ip-name",
            "tags": {
              "Example": "ex-myapp",
              "Name": "ex-myapp",
              "Repository": "https://github.com/terraform-aws-modules/terraform-aws-ec2-instance"
            },
            "tags_all": {
              "Example": "ex-myapp",
              "Name": "ex-myapp",
              "Repository": "https://github.com/terraform-aws-modules/terraform-aws-ec2-instance"
            },
            "timeouts": null,
            "vpc_id": "vpc-03a3a0d0d0bfb1a8f"
          },
          "sensitive_attributes": [],
          "private": "eyJlMmJmYjczMC1lY2FhLTExZTYtOGY4OC0zNDM2M2JjN2M0YzAiOnsiY3JlYXRlIjo2MDAwMDAwMDAwMDAsImRlbGV0ZSI6MTIwMDAwMDAwMDAwMH0sInNjaGVtYV92ZXJzaW9uIjoiMSJ9",
          "dependencies": [
            "data.aws_availability_zones.available",
            "module.vpc.aws_vpc.this",
            "module.vpc.aws_vpc_ipv4_cidr_block_association.this"
          ]
        },
        {
          "index_key": 2,
          "schema_version": 1,
          "attributes": {
            "arn": "arn:aws:ec2:us-east-1:302263043236:subnet/subnet-09ed37e8471611552",
            "assign_ipv6_address_on_creation": false,
            "availability_zone": "us-east-1c",
            "availability_zone_id": "use1-az1",
            "cidr_block": "10.0.50.0/24",
            "customer_owned_ipv4_pool": "",
            "enable_dns64": false,
            "enable_lni_at_device_index": 0,
            "enable_resource_name_dns_a_record_on_launch": false,
            "enable_resource_name_dns_aaaa_record_on_launch": false,
            "id": "subnet-09ed37e8471611552",
            "ipv6_cidr_block": "",
            "ipv6_cidr_block_association_id": "",
            "ipv6_native": false,
            "map_customer_owned_ip_on_launch": false,
            "map_public_ip_on_launch": false,
            "outpost_arn": "",
            "owner_id": "302263043236",
            "private_dns_hostname_type_on_launch": "ip-name",
            "tags": {
              "Example": "ex-myapp",
              "Name": "ex-myapp",
              "Repository": "https://github.com/terraform-aws-modules/terraform-aws-ec2-instance"
            },
            "tags_all": {
              "Example": "ex-myapp",
              "Name": "ex-myapp",
              "Repository": "https://github.com/terraform-aws-modules/terraform-aws-ec2-instance"
            },
            "timeouts": null,
            "vpc_id": "vpc-03a3a0d0d0bfb1a8f"
          },
          "sensitive_attributes": [],
          "private": "eyJlMmJmYjczMC1lY2FhLTExZTYtOGY4OC0zNDM2M2JjN2M0YzAiOnsiY3JlYXRlIjo2MDAwMDAwMDAwMDAsImRlbGV0ZSI6MTIwMDAwMDAwMDAwMH0sInNjaGVtYV92ZXJzaW9uIjoiMSJ9",
          "dependencies": [
            "data.aws_availability_zones.available",
            "module.vpc.aws_vpc.this",
            "module.vpc.aws_vpc_ipv4_cidr_block_association.this"
          ]
        }
      ]
    },
    {
      "module": "module.vpc",
      "mode": "managed",
      "type": "aws_vpc",
      "name": "this",
      "provider": "provider[\"registry.terraform.io/hashicorp/aws\"]",
      "instances": [
        {
          "index_key": 0,
          "schema_version": 1,
          "attributes": {
            "arn": "arn:aws:ec2:us-east-1:302263043236:vpc/vpc-03a3a0d0d0bfb1a8f",
            "assign_generated_ipv6_cidr_block": false,
            "cidr_block": "10.0.0.0/16",
            "default_network_acl_id": "acl-056899a1ba7b87591",
            "default_route_table_id": "rtb-05d971763248b575b",
            "default_security_group_id": "sg-021601a7e388d85c8",
            "dhcp_options_id": "dopt-0dbca1eb587901438",
            "enable_dns_hostnames": true,
            "enable_dns_support": true,
            "enable_network_address_usage_metrics": false,
            "id": "vpc-03a3a0d0d0bfb1a8f",
            "instance_tenancy": "default",
            "ipv4_ipam_pool_id": null,
            "ipv4_netmask_length": null,
            "ipv6_association_id": "",
            "ipv6_cidr_block": "",
            "ipv6_cidr_block_network_border_group": "",
            "ipv6_ipam_pool_id": "",
            "ipv6_netmask_length": 0,
            "main_route_table_id": "rtb-05d971763248b575b",
            "owner_id": "302263043236",
            "tags": {
              "Example": "ex-myapp",
              "Name": "ex-myapp",
              "Repository": "https://github.com/terraform-aws-modules/terraform-aws-ec2-instance"
            },
            "tags_all": {
              "Example": "ex-myapp",
              "Name": "ex-myapp",
              "Repository": "https://github.com/terraform-aws-modules/terraform-aws-ec2-instance"
            }
          },
          "sensitive_attributes": [],
          "private": "eyJzY2hlbWFfdmVyc2lvbiI6IjEifQ==",
          "create_before_destroy": true
        }
      ]
    }
  ],
  "check_results": null
}
